
Microsoft Visual Studio Solution File, Format Version 12.00
# Visual Studio Version 17
VisualStudioVersion = 17.0.31903.59
MinimumVisualStudioVersion = 10.0.40219.1
Project("{2150E333-8FDC-42A3-9474-1A3956D46DE8}") = "libs", "libs", "{8F9B2953-7088-4800-8A34-8E089E516FD4}"
EndProject
Project("{FAE04EC0-301F-11D3-BF4B-00C04F79EFBC}") = "Mersal.Auth", "libs\auth\Mersal.Auth.csproj", "{859BEF08-0845-4F57-9522-777ECC54D23B}"
EndProject
Project("{2150E333-8FDC-42A3-9474-1A3956D46DE8}") = "auth", "auth", "{2A3C6291-29C4-4216-9101-F513C4E7627C}"
EndProject
Project("{FAE04EC0-301F-11D3-BF4B-00C04F79EFBC}") = "Mersal.Auth.Tests", "libs\auth\Tests\Mersal.Auth.Tests.csproj", "{1957404F-F250-4AA9-9C17-40D4DDF7E2A9}"
EndProject
Project("{FAE04EC0-301F-11D3-BF4B-00C04F79EFBC}") = "Mersal.Audit.Client", "libs\audit-client\Mersal.Audit.Client.csproj", "{D0E2B16D-69AF-47D0-B2D7-EC05D18A1180}"
EndProject
Project("{2150E333-8FDC-42A3-9474-1A3956D46DE8}") = "audit-client", "audit-client", "{5121178C-4E76-4E08-96EE-D395D1042B91}"
EndProject
Project("{FAE04EC0-301F-11D3-BF4B-00C04F79EFBC}") = "Mersal.Audit.Client.Tests", "libs\audit-client\Tests\Mersal.Audit.Client.Tests.csproj", "{CA88F088-1B91-4E7E-B53C-2D2F6D2D77A6}"
EndProject
Project("{2150E333-8FDC-42A3-9474-1A3956D46DE8}") = "services", "services", "{ECF8FC19-77DC-455B-9480-C2148C0BA083}"
EndProject
Project("{2150E333-8FDC-42A3-9474-1A3956D46DE8}") = "audit", "audit", "{47FFFA0E-21AD-48EB-A7E0-E62861148E91}"
EndProject
Project("{FAE04EC0-301F-11D3-BF4B-00C04F79EFBC}") = "Mersal.Audit.Api", "services\audit\Api\Mersal.Audit.Api.csproj", "{68923D16-55DA-4CA9-BC8A-401020A48FFC}"
EndProject
Project("{FAE04EC0-301F-11D3-BF4B-00C04F79EFBC}") = "Mersal.Audit.Domain", "services\audit\Domain\Mersal.Audit.Domain.csproj", "{268D1561-2645-486C-A582-142792ADE10F}"
EndProject
Project("{FAE04EC0-301F-11D3-BF4B-00C04F79EFBC}") = "Mersal.Audit.Infrastructure", "services\audit\Infrastructure\Mersal.Audit.Infrastructure.csproj", "{8BE9B333-5BCF-4290-A473-FC14A6A88EDA}"
EndProject
Project("{FAE04EC0-301F-11D3-BF4B-00C04F79EFBC}") = "Mersal.Audit.Tests", "services\audit\Tests\Mersal.Audit.Tests.csproj", "{38200824-F16A-43F1-A05B-94BA1260D865}"
EndProject
Project("{FAE04EC0-301F-11D3-BF4B-00C04F79EFBC}") = "Mersal.Authz", "libs\authz\Mersal.Authz.csproj", "{6B935706-0B9B-453B-8A0B-792A2BF2ED22}"
EndProject
Project("{2150E333-8FDC-42A3-9474-1A3956D46DE8}") = "authz", "authz", "{882FAE21-A25A-41F3-A1FF-4E94C634CA88}"
EndProject
Project("{FAE04EC0-301F-11D3-BF4B-00C04F79EFBC}") = "Mersal.Authz.Tests", "libs\authz\Tests\Mersal.Authz.Tests.csproj", "{82A7147D-3A83-4041-A601-79357BDD6E8F}"
EndProject
Project("{FAE04EC0-301F-11D3-BF4B-00C04F79EFBC}") = "Mersal.Events", "libs\events\Mersal.Events.csproj", "{080964BB-FCEE-4596-9609-D066218BA3E6}"
EndProject
Project("{2150E333-8FDC-42A3-9474-1A3956D46DE8}") = "events", "events", "{76A6EEDF-5EDF-4107-BCBA-37A9E4BC3D5C}"
EndProject
Project("{FAE04EC0-301F-11D3-BF4B-00C04F79EFBC}") = "Mersal.Events.Tests", "libs\events\Tests\Mersal.Events.Tests.csproj", "{F2EE4EFB-EC13-4071-90F0-CB977190B70E}"
EndProject
Project("{2150E333-8FDC-42A3-9474-1A3956D46DE8}") = "hello", "hello", "{D31CD5CC-AB44-4E69-BF82-E16E35C0B104}"
EndProject
Project("{FAE04EC0-301F-11D3-BF4B-00C04F79EFBC}") = "Mersal.Hello.Api", "services\hello\Api\Mersal.Hello.Api.csproj", "{157B26A5-1526-48A4-9380-E3E1EA81C1E0}"
EndProject
Project("{FAE04EC0-301F-11D3-BF4B-00C04F79EFBC}") = "Mersal.Hello.Tests", "services\hello\Tests\Mersal.Hello.Tests.csproj", "{C1589230-038B-4867-B342-93A58B71586F}"
EndProject
Project("{2150E333-8FDC-42A3-9474-1A3956D46DE8}") = "masterdata", "masterdata", "{3399CF62-8E46-481A-9F2C-E1FEA69F66EA}"
EndProject
Project("{FAE04EC0-301F-11D3-BF4B-00C04F79EFBC}") = "Mersal.MasterData.Domain", "services\masterdata\Domain\Mersal.MasterData.Domain.csproj", "{A602BB61-030B-435E-9D4A-270A5F6F3FA2}"
EndProject
Project("{FAE04EC0-301F-11D3-BF4B-00C04F79EFBC}") = "Mersal.MasterData.Infrastructure", "services\masterdata\Infrastructure\Mersal.MasterData.Infrastructure.csproj", "{40B7AFB7-8A1F-4F85-8055-59A87B8D7F1F}"
EndProject
Project("{FAE04EC0-301F-11D3-BF4B-00C04F79EFBC}") = "Mersal.MasterData.Api", "services\masterdata\Api\Mersal.MasterData.Api.csproj", "{16F42D54-C555-45A5-8DA5-391A355E71F9}"
EndProject
Project("{FAE04EC0-301F-11D3-BF4B-00C04F79EFBC}") = "Mersal.MasterData.Tests", "services\masterdata\Tests\Mersal.MasterData.Tests.csproj", "{B9A519D0-5440-4513-92E6-C01941F9D319}"
EndProject
Project("{2150E333-8FDC-42A3-9474-1A3956D46DE8}") = "tools", "tools", "{AEF0DEF5-D2C2-4C6F-8C33-FEE605C2637C}"
EndProject
Project("{FAE04EC0-301F-11D3-BF4B-00C04F79EFBC}") = "Mersal.MasterData.Loader", "tools\masterdata-loader\Mersal.MasterData.Loader.csproj", "{ED5E9ABD-F056-4035-9A1E-0F4133B65D03}"
EndProject
Project("{2150E333-8FDC-42A3-9474-1A3956D46DE8}") = "patient", "patient", "{FFE9FC84-B9A9-4F16-A3A5-194416D372CA}"
EndProject
Project("{FAE04EC0-301F-11D3-BF4B-00C04F79EFBC}") = "Mersal.Patient.Domain", "services\patient\Domain\Mersal.Patient.Domain.csproj", "{E1CAE470-A015-45DF-8E1E-64AD0082B0BD}"
EndProject
Project("{FAE04EC0-301F-11D3-BF4B-00C04F79EFBC}") = "Mersal.Patient.Infrastructure", "services\patient\Infrastructure\Mersal.Patient.Infrastructure.csproj", "{E6FA5AF9-660E-46D1-A341-E0B1924B2F25}"
EndProject
Project("{FAE04EC0-301F-11D3-BF4B-00C04F79EFBC}") = "Mersal.Patient.Api", "services\patient\Api\Mersal.Patient.Api.csproj", "{A45D73CF-ABCB-4E9E-8F81-C7E5F1641CA1}"
EndProject
Project("{FAE04EC0-301F-11D3-BF4B-00C04F79EFBC}") = "Mersal.Patient.Tests", "services\patient\Tests\Mersal.Patient.Tests.csproj", "{476E87F1-1631-4E12-B037-EB3B17E1AFB0}"
EndProject
Project("{2150E333-8FDC-42A3-9474-1A3956D46DE8}") = "policy", "policy", "{468C9AF9-9EC4-4C89-9864-2C6570ACDD2A}"
EndProject
Project("{FAE04EC0-301F-11D3-BF4B-00C04F79EFBC}") = "Mersal.Policy.Domain", "services\policy\Domain\Mersal.Policy.Domain.csproj", "{666AFD40-DD9E-4C23-9ADC-6F17ADE0D053}"
EndProject
Project("{FAE04EC0-301F-11D3-BF4B-00C04F79EFBC}") = "Mersal.Policy.Infrastructure", "services\policy\Infrastructure\Mersal.Policy.Infrastructure.csproj", "{D0834364-AB4A-4449-9D00-E84D3A6A1491}"
EndProject
Project("{FAE04EC0-301F-11D3-BF4B-00C04F79EFBC}") = "Mersal.Policy.Api", "services\policy\Api\Mersal.Policy.Api.csproj", "{6252D4E6-3C71-446D-9C55-82CA2F330745}"
EndProject
Project("{FAE04EC0-301F-11D3-BF4B-00C04F79EFBC}") = "Mersal.Policy.Tests", "services\policy\Tests\Mersal.Policy.Tests.csproj", "{45EBD2D7-F599-4416-A8A7-4CE23300115C}"
EndProject
Project("{2150E333-8FDC-42A3-9474-1A3956D46DE8}") = "document", "document", "{41EEFEE3-EE0C-4ECC-BF32-AB886993A442}"
EndProject
Project("{FAE04EC0-301F-11D3-BF4B-00C04F79EFBC}") = "Mersal.Document.Domain", "services\document\Domain\Mersal.Document.Domain.csproj", "{1D6508A3-F063-4C31-AD26-BDA46AD3DFBB}"
EndProject
Project("{FAE04EC0-301F-11D3-BF4B-00C04F79EFBC}") = "Mersal.Document.Infrastructure", "services\document\Infrastructure\Mersal.Document.Infrastructure.csproj", "{23275C8E-37D5-4855-A38A-02AD636E94CD}"
EndProject
Project("{FAE04EC0-301F-11D3-BF4B-00C04F79EFBC}") = "Mersal.Document.Api", "services\document\Api\Mersal.Document.Api.csproj", "{A230981D-1E78-49B9-BCB1-F737751397EF}"
EndProject
Project("{FAE04EC0-301F-11D3-BF4B-00C04F79EFBC}") = "Mersal.Document.Tests", "services\document\Tests\Mersal.Document.Tests.csproj", "{EA8B736B-B9CE-4095-9377-567893EC4469}"
EndProject
Project("{2150E333-8FDC-42A3-9474-1A3956D46DE8}") = "eligibility", "eligibility", "{0811BB5C-8AD1-428C-B650-93BC1F80E5ED}"
EndProject
Project("{FAE04EC0-301F-11D3-BF4B-00C04F79EFBC}") = "Mersal.Eligibility.Domain", "services\eligibility\Domain\Mersal.Eligibility.Domain.csproj", "{3B9EBC6B-353B-4E3F-A16A-9DD53402B29E}"
EndProject
Project("{FAE04EC0-301F-11D3-BF4B-00C04F79EFBC}") = "Mersal.Eligibility.Infrastructure", "services\eligibility\Infrastructure\Mersal.Eligibility.Infrastructure.csproj", "{988C3DF7-3BE8-419D-8A11-4CA4ABD800FC}"
EndProject
Project("{FAE04EC0-301F-11D3-BF4B-00C04F79EFBC}") = "Mersal.Eligibility.Api", "services\eligibility\Api\Mersal.Eligibility.Api.csproj", "{57E61E0D-1818-4F0D-BAA7-08D20437F062}"
EndProject
Project("{FAE04EC0-301F-11D3-BF4B-00C04F79EFBC}") = "Mersal.Eligibility.Tests", "services\eligibility\Tests\Mersal.Eligibility.Tests.csproj", "{2532745C-D73E-4A4D-8E45-B237AE182B0F}"
EndProject
Project("{2150E333-8FDC-42A3-9474-1A3956D46DE8}") = "emr", "emr", "{13FED358-DA99-4BBC-93A0-26EB60CF06DD}"
EndProject
Project("{FAE04EC0-301F-11D3-BF4B-00C04F79EFBC}") = "Mersal.Emr.Domain", "services\emr\Domain\Mersal.Emr.Domain.csproj", "{829D4B49-5E20-42E1-941C-A634322092DF}"
EndProject
Project("{FAE04EC0-301F-11D3-BF4B-00C04F79EFBC}") = "Mersal.Emr.Infrastructure", "services\emr\Infrastructure\Mersal.Emr.Infrastructure.csproj", "{A1AAB070-1C61-4302-93E5-585DFC5E1956}"
EndProject
Project("{FAE04EC0-301F-11D3-BF4B-00C04F79EFBC}") = "Mersal.Emr.Api", "services\emr\Api\Mersal.Emr.Api.csproj", "{F03E5C27-47DB-41A4-98EA-F5BF846E85A7}"
EndProject
Project("{FAE04EC0-301F-11D3-BF4B-00C04F79EFBC}") = "Mersal.Emr.Tests", "services\emr\Tests\Mersal.Emr.Tests.csproj", "{DE18BFE1-8782-45BA-BA59-ED52BB43DC31}"
EndProject
Project("{2150E333-8FDC-42A3-9474-1A3956D46DE8}") = "provider", "provider", "{5184CA95-6A30-4EB5-8F49-E5F769E6CE20}"
EndProject
Project("{FAE04EC0-301F-11D3-BF4B-00C04F79EFBC}") = "Mersal.Provider.Domain", "services\provider\Domain\Mersal.Provider.Domain.csproj", "{9A296FF2-22FD-48AB-9BA9-7ABB178B1B60}"
EndProject
Project("{FAE04EC0-301F-11D3-BF4B-00C04F79EFBC}") = "Mersal.Provider.Infrastructure", "services\provider\Infrastructure\Mersal.Provider.Infrastructure.csproj", "{CCB59235-FC70-435D-AE0A-E43568FA9044}"
EndProject
Project("{FAE04EC0-301F-11D3-BF4B-00C04F79EFBC}") = "Mersal.Provider.Api", "services\provider\Api\Mersal.Provider.Api.csproj", "{31635A35-FD1A-43C9-8988-DFB31D410E67}"
EndProject
Project("{FAE04EC0-301F-11D3-BF4B-00C04F79EFBC}") = "Mersal.Provider.Tests", "services\provider\Tests\Mersal.Provider.Tests.csproj", "{4958E236-F101-4CFD-A1DB-D3711FFB0D97}"
EndProject
Global
	GlobalSection(SolutionConfigurationPlatforms) = preSolution
		Debug|Any CPU = Debug|Any CPU
		Release|Any CPU = Release|Any CPU
	EndGlobalSection
	GlobalSection(SolutionProperties) = preSolution
		HideSolutionNode = FALSE
	EndGlobalSection
	GlobalSection(ProjectConfigurationPlatforms) = postSolution
		{859BEF08-0845-4F57-9522-777ECC54D23B}.Debug|Any CPU.ActiveCfg = Debug|Any CPU
		{859BEF08-0845-4F57-9522-777ECC54D23B}.Debug|Any CPU.Build.0 = Debug|Any CPU
		{859BEF08-0845-4F57-9522-777ECC54D23B}.Release|Any CPU.ActiveCfg = Release|Any CPU
		{859BEF08-0845-4F57-9522-777ECC54D23B}.Release|Any CPU.Build.0 = Release|Any CPU
		{1957404F-F250-4AA9-9C17-40D4DDF7E2A9}.Debug|Any CPU.ActiveCfg = Debug|Any CPU
		{1957404F-F250-4AA9-9C17-40D4DDF7E2A9}.Debug|Any CPU.Build.0 = Debug|Any CPU
		{1957404F-F250-4AA9-9C17-40D4DDF7E2A9}.Release|Any CPU.ActiveCfg = Release|Any CPU
		{1957404F-F250-4AA9-9C17-40D4DDF7E2A9}.Release|Any CPU.Build.0 = Release|Any CPU
		{D0E2B16D-69AF-47D0-B2D7-EC05D18A1180}.Debug|Any CPU.ActiveCfg = Debug|Any CPU
		{D0E2B16D-69AF-47D0-B2D7-EC05D18A1180}.Debug|Any CPU.Build.0 = Debug|Any CPU
		{D0E2B16D-69AF-47D0-B2D7-EC05D18A1180}.Release|Any CPU.ActiveCfg = Release|Any CPU
		{D0E2B16D-69AF-47D0-B2D7-EC05D18A1180}.Release|Any CPU.Build.0 = Release|Any CPU
		{CA88F088-1B91-4E7E-B53C-2D2F6D2D77A6}.Debug|Any CPU.ActiveCfg = Debug|Any CPU
		{CA88F088-1B91-4E7E-B53C-2D2F6D2D77A6}.Debug|Any CPU.Build.0 = Debug|Any CPU
		{CA88F088-1B91-4E7E-B53C-2D2F6D2D77A6}.Release|Any CPU.ActiveCfg = Release|Any CPU
		{CA88F088-1B91-4E7E-B53C-2D2F6D2D77A6}.Release|Any CPU.Build.0 = Release|Any CPU
		{68923D16-55DA-4CA9-BC8A-401020A48FFC}.Debug|Any CPU.ActiveCfg = Debug|Any CPU
		{68923D16-55DA-4CA9-BC8A-401020A48FFC}.Debug|Any CPU.Build.0 = Debug|Any CPU
		{68923D16-55DA-4CA9-BC8A-401020A48FFC}.Release|Any CPU.ActiveCfg = Release|Any CPU
		{68923D16-55DA-4CA9-BC8A-401020A48FFC}.Release|Any CPU.Build.0 = Release|Any CPU
		{268D1561-2645-486C-A582-142792ADE10F}.Debug|Any CPU.ActiveCfg = Debug|Any CPU
		{268D1561-2645-486C-A582-142792ADE10F}.Debug|Any CPU.Build.0 = Debug|Any CPU
		{268D1561-2645-486C-A582-142792ADE10F}.Release|Any CPU.ActiveCfg = Release|Any CPU
		{268D1561-2645-486C-A582-142792ADE10F}.Release|Any CPU.Build.0 = Release|Any CPU
		{8BE9B333-5BCF-4290-A473-FC14A6A88EDA}.Debug|Any CPU.ActiveCfg = Debug|Any CPU
		{8BE9B333-5BCF-4290-A473-FC14A6A88EDA}.Debug|Any CPU.Build.0 = Debug|Any CPU
		{8BE9B333-5BCF-4290-A473-FC14A6A88EDA}.Release|Any CPU.ActiveCfg = Release|Any CPU
		{8BE9B333-5BCF-4290-A473-FC14A6A88EDA}.Release|Any CPU.Build.0 = Release|Any CPU
		{38200824-F16A-43F1-A05B-94BA1260D865}.Debug|Any CPU.ActiveCfg = Debug|Any CPU
		{38200824-F16A-43F1-A05B-94BA1260D865}.Debug|Any CPU.Build.0 = Debug|Any CPU
		{38200824-F16A-43F1-A05B-94BA1260D865}.Release|Any CPU.ActiveCfg = Release|Any CPU
		{38200824-F16A-43F1-A05B-94BA1260D865}.Release|Any CPU.Build.0 = Release|Any CPU
		{6B935706-0B9B-453B-8A0B-792A2BF2ED22}.Debug|Any CPU.ActiveCfg = Debug|Any CPU
		{6B935706-0B9B-453B-8A0B-792A2BF2ED22}.Debug|Any CPU.Build.0 = Debug|Any CPU
		{6B935706-0B9B-453B-8A0B-792A2BF2ED22}.Release|Any CPU.ActiveCfg = Release|Any CPU
		{6B935706-0B9B-453B-8A0B-792A2BF2ED22}.Release|Any CPU.Build.0 = Release|Any CPU
		{82A7147D-3A83-4041-A601-79357BDD6E8F}.Debug|Any CPU.ActiveCfg = Debug|Any CPU
		{82A7147D-3A83-4041-A601-79357BDD6E8F}.Debug|Any CPU.Build.0 = Debug|Any CPU
		{82A7147D-3A83-4041-A601-79357BDD6E8F}.Release|Any CPU.ActiveCfg = Release|Any CPU
		{82A7147D-3A83-4041-A601-79357BDD6E8F}.Release|Any CPU.Build.0 = Release|Any CPU
		{080964BB-FCEE-4596-9609-D066218BA3E6}.Debug|Any CPU.ActiveCfg = Debug|Any CPU
		{080964BB-FCEE-4596-9609-D066218BA3E6}.Debug|Any CPU.Build.0 = Debug|Any CPU
		{080964BB-FCEE-4596-9609-D066218BA3E6}.Release|Any CPU.ActiveCfg = Release|Any CPU
		{080964BB-FCEE-4596-9609-D066218BA3E6}.Release|Any CPU.Build.0 = Release|Any CPU
		{F2EE4EFB-EC13-4071-90F0-CB977190B70E}.Debug|Any CPU.ActiveCfg = Debug|Any CPU
		{F2EE4EFB-EC13-4071-90F0-CB977190B70E}.Debug|Any CPU.Build.0 = Debug|Any CPU
		{F2EE4EFB-EC13-4071-90F0-CB977190B70E}.Release|Any CPU.ActiveCfg = Release|Any CPU
		{F2EE4EFB-EC13-4071-90F0-CB977190B70E}.Release|Any CPU.Build.0 = Release|Any CPU
		{157B26A5-1526-48A4-9380-E3E1EA81C1E0}.Debug|Any CPU.ActiveCfg = Debug|Any CPU
		{157B26A5-1526-48A4-9380-E3E1EA81C1E0}.Debug|Any CPU.Build.0 = Debug|Any CPU
		{157B26A5-1526-48A4-9380-E3E1EA81C1E0}.Release|Any CPU.ActiveCfg = Release|Any CPU
		{157B26A5-1526-48A4-9380-E3E1EA81C1E0}.Release|Any CPU.Build.0 = Release|Any CPU
		{C1589230-038B-4867-B342-93A58B71586F}.Debug|Any CPU.ActiveCfg = Debug|Any CPU
		{C1589230-038B-4867-B342-93A58B71586F}.Debug|Any CPU.Build.0 = Debug|Any CPU
		{C1589230-038B-4867-B342-93A58B71586F}.Release|Any CPU.ActiveCfg = Release|Any CPU
		{C1589230-038B-4867-B342-93A58B71586F}.Release|Any CPU.Build.0 = Release|Any CPU
		{A602BB61-030B-435E-9D4A-270A5F6F3FA2}.Debug|Any CPU.ActiveCfg = Debug|Any CPU
		{A602BB61-030B-435E-9D4A-270A5F6F3FA2}.Debug|Any CPU.Build.0 = Debug|Any CPU
		{A602BB61-030B-435E-9D4A-270A5F6F3FA2}.Release|Any CPU.ActiveCfg = Release|Any CPU
		{A602BB61-030B-435E-9D4A-270A5F6F3FA2}.Release|Any CPU.Build.0 = Release|Any CPU
		{40B7AFB7-8A1F-4F85-8055-59A87B8D7F1F}.Debug|Any CPU.ActiveCfg = Debug|Any CPU
		{40B7AFB7-8A1F-4F85-8055-59A87B8D7F1F}.Debug|Any CPU.Build.0 = Debug|Any CPU
		{40B7AFB7-8A1F-4F85-8055-59A87B8D7F1F}.Release|Any CPU.ActiveCfg = Release|Any CPU
		{40B7AFB7-8A1F-4F85-8055-59A87B8D7F1F}.Release|Any CPU.Build.0 = Release|Any CPU
		{16F42D54-C555-45A5-8DA5-391A355E71F9}.Debug|Any CPU.ActiveCfg = Debug|Any CPU
		{16F42D54-C555-45A5-8DA5-391A355E71F9}.Debug|Any CPU.Build.0 = Debug|Any CPU
		{16F42D54-C555-45A5-8DA5-391A355E71F9}.Release|Any CPU.ActiveCfg = Release|Any CPU
		{16F42D54-C555-45A5-8DA5-391A355E71F9}.Release|Any CPU.Build.0 = Release|Any CPU
		{B9A519D0-5440-4513-92E6-C01941F9D319}.Debug|Any CPU.ActiveCfg = Debug|Any CPU
		{B9A519D0-5440-4513-92E6-C01941F9D319}.Debug|Any CPU.Build.0 = Debug|Any CPU
		{B9A519D0-5440-4513-92E6-C01941F9D319}.Release|Any CPU.ActiveCfg = Release|Any CPU
		{B9A519D0-5440-4513-92E6-C01941F9D319}.Release|Any CPU.Build.0 = Release|Any CPU
		{ED5E9ABD-F056-4035-9A1E-0F4133B65D03}.Debug|Any CPU.ActiveCfg = Debug|Any CPU
		{ED5E9ABD-F056-4035-9A1E-0F4133B65D03}.Debug|Any CPU.Build.0 = Debug|Any CPU
		{ED5E9ABD-F056-4035-9A1E-0F4133B65D03}.Release|Any CPU.ActiveCfg = Release|Any CPU
		{ED5E9ABD-F056-4035-9A1E-0F4133B65D03}.Release|Any CPU.Build.0 = Release|Any CPU
		{E1CAE470-A015-45DF-8E1E-64AD0082B0BD}.Debug|Any CPU.ActiveCfg = Debug|Any CPU
		{E1CAE470-A015-45DF-8E1E-64AD0082B0BD}.Debug|Any CPU.Build.0 = Debug|Any CPU
		{E1CAE470-A015-45DF-8E1E-64AD0082B0BD}.Release|Any CPU.ActiveCfg = Release|Any CPU
		{E1CAE470-A015-45DF-8E1E-64AD0082B0BD}.Release|Any CPU.Build.0 = Release|Any CPU
		{E6FA5AF9-660E-46D1-A341-E0B1924B2F25}.Debug|Any CPU.ActiveCfg = Debug|Any CPU
		{E6FA5AF9-660E-46D1-A341-E0B1924B2F25}.Debug|Any CPU.Build.0 = Debug|Any CPU
		{E6FA5AF9-660E-46D1-A341-E0B1924B2F25}.Release|Any CPU.ActiveCfg = Release|Any CPU
		{E6FA5AF9-660E-46D1-A341-E0B1924B2F25}.Release|Any CPU.Build.0 = Release|Any CPU
		{A45D73CF-ABCB-4E9E-8F81-C7E5F1641CA1}.Debug|Any CPU.ActiveCfg = Debug|Any CPU
		{A45D73CF-ABCB-4E9E-8F81-C7E5F1641CA1}.Debug|Any CPU.Build.0 = Debug|Any CPU
		{A45D73CF-ABCB-4E9E-8F81-C7E5F1641CA1}.Release|Any CPU.ActiveCfg = Release|Any CPU
		{A45D73CF-ABCB-4E9E-8F81-C7E5F1641CA1}.Release|Any CPU.Build.0 = Release|Any CPU
		{476E87F1-1631-4E12-B037-EB3B17E1AFB0}.Debug|Any CPU.ActiveCfg = Debug|Any CPU
		{476E87F1-1631-4E12-B037-EB3B17E1AFB0}.Debug|Any CPU.Build.0 = Debug|Any CPU
		{476E87F1-1631-4E12-B037-EB3B17E1AFB0}.Release|Any CPU.ActiveCfg = Release|Any CPU
		{476E87F1-1631-4E12-B037-EB3B17E1AFB0}.Release|Any CPU.Build.0 = Release|Any CPU
		{666AFD40-DD9E-4C23-9ADC-6F17ADE0D053}.Debug|Any CPU.ActiveCfg = Debug|Any CPU
		{666AFD40-DD9E-4C23-9ADC-6F17ADE0D053}.Debug|Any CPU.Build.0 = Debug|Any CPU
		{666AFD40-DD9E-4C23-9ADC-6F17ADE0D053}.Release|Any CPU.ActiveCfg = Release|Any CPU
		{666AFD40-DD9E-4C23-9ADC-6F17ADE0D053}.Release|Any CPU.Build.0 = Release|Any CPU
		{D0834364-AB4A-4449-9D00-E84D3A6A1491}.Debug|Any CPU.ActiveCfg = Debug|Any CPU
		{D0834364-AB4A-4449-9D00-E84D3A6A1491}.Debug|Any CPU.Build.0 = Debug|Any CPU
		{D0834364-AB4A-4449-9D00-E84D3A6A1491}.Release|Any CPU.ActiveCfg = Release|Any CPU
		{D0834364-AB4A-4449-9D00-E84D3A6A1491}.Release|Any CPU.Build.0 = Release|Any CPU
		{6252D4E6-3C71-446D-9C55-82CA2F330745}.Debug|Any CPU.ActiveCfg = Debug|Any CPU
		{6252D4E6-3C71-446D-9C55-82CA2F330745}.Debug|Any CPU.Build.0 = Debug|Any CPU
		{6252D4E6-3C71-446D-9C55-82CA2F330745}.Release|Any CPU.ActiveCfg = Release|Any CPU
		{6252D4E6-3C71-446D-9C55-82CA2F330745}.Release|Any CPU.Build.0 = Release|Any CPU
		{45EBD2D7-F599-4416-A8A7-4CE23300115C}.Debug|Any CPU.ActiveCfg = Debug|Any CPU
		{45EBD2D7-F599-4416-A8A7-4CE23300115C}.Debug|Any CPU.Build.0 = Debug|Any CPU
		{45EBD2D7-F599-4416-A8A7-4CE23300115C}.Release|Any CPU.ActiveCfg = Release|Any CPU
		{45EBD2D7-F599-4416-A8A7-4CE23300115C}.Release|Any CPU.Build.0 = Release|Any CPU
		{1D6508A3-F063-4C31-AD26-BDA46AD3DFBB}.Debug|Any CPU.ActiveCfg = Debug|Any CPU
		{1D6508A3-F063-4C31-AD26-BDA46AD3DFBB}.Debug|Any CPU.Build.0 = Debug|Any CPU
		{1D6508A3-F063-4C31-AD26-BDA46AD3DFBB}.Release|Any CPU.ActiveCfg = Release|Any CPU
		{1D6508A3-F063-4C31-AD26-BDA46AD3DFBB}.Release|Any CPU.Build.0 = Release|Any CPU
		{23275C8E-37D5-4855-A38A-02AD636E94CD}.Debug|Any CPU.ActiveCfg = Debug|Any CPU
		{23275C8E-37D5-4855-A38A-02AD636E94CD}.Debug|Any CPU.Build.0 = Debug|Any CPU
		{23275C8E-37D5-4855-A38A-02AD636E94CD}.Release|Any CPU.ActiveCfg = Release|Any CPU
		{23275C8E-37D5-4855-A38A-02AD636E94CD}.Release|Any CPU.Build.0 = Release|Any CPU
		{A230981D-1E78-49B9-BCB1-F737751397EF}.Debug|Any CPU.ActiveCfg = Debug|Any CPU
		{A230981D-1E78-49B9-BCB1-F737751397EF}.Debug|Any CPU.Build.0 = Debug|Any CPU
		{A230981D-1E78-49B9-BCB1-F737751397EF}.Release|Any CPU.ActiveCfg = Release|Any CPU
		{A230981D-1E78-49B9-BCB1-F737751397EF}.Release|Any CPU.Build.0 = Release|Any CPU
		{EA8B736B-B9CE-4095-9377-567893EC4469}.Debug|Any CPU.ActiveCfg = Debug|Any CPU
		{EA8B736B-B9CE-4095-9377-567893EC4469}.Debug|Any CPU.Build.0 = Debug|Any CPU
		{EA8B736B-B9CE-4095-9377-567893EC4469}.Release|Any CPU.ActiveCfg = Release|Any CPU
		{EA8B736B-B9CE-4095-9377-567893EC4469}.Release|Any CPU.Build.0 = Release|Any CPU
		{3B9EBC6B-353B-4E3F-A16A-9DD53402B29E}.Debug|Any CPU.ActiveCfg = Debug|Any CPU
		{3B9EBC6B-353B-4E3F-A16A-9DD53402B29E}.Debug|Any CPU.Build.0 = Debug|Any CPU
		{3B9EBC6B-353B-4E3F-A16A-9DD53402B29E}.Release|Any CPU.ActiveCfg = Release|Any CPU
		{3B9EBC6B-353B-4E3F-A16A-9DD53402B29E}.Release|Any CPU.Build.0 = Release|Any CPU
		{988C3DF7-3BE8-419D-8A11-4CA4ABD800FC}.Debug|Any CPU.ActiveCfg = Debug|Any CPU
		{988C3DF7-3BE8-419D-8A11-4CA4ABD800FC}.Debug|Any CPU.Build.0 = Debug|Any CPU
		{988C3DF7-3BE8-419D-8A11-4CA4ABD800FC}.Release|Any CPU.ActiveCfg = Release|Any CPU
		{988C3DF7-3BE8-419D-8A11-4CA4ABD800FC}.Release|Any CPU.Build.0 = Release|Any CPU
		{57E61E0D-1818-4F0D-BAA7-08D20437F062}.Debug|Any CPU.ActiveCfg = Debug|Any CPU
		{57E61E0D-1818-4F0D-BAA7-08D20437F062}.Debug|Any CPU.Build.0 = Debug|Any CPU
		{57E61E0D-1818-4F0D-BAA7-08D20437F062}.Release|Any CPU.ActiveCfg = Release|Any CPU
		{57E61E0D-1818-4F0D-BAA7-08D20437F062}.Release|Any CPU.Build.0 = Release|Any CPU
		{2532745C-D73E-4A4D-8E45-B237AE182B0F}.Debug|Any CPU.ActiveCfg = Debug|Any CPU
		{2532745C-D73E-4A4D-8E45-B237AE182B0F}.Debug|Any CPU.Build.0 = Debug|Any CPU
		{2532745C-D73E-4A4D-8E45-B237AE182B0F}.Release|Any CPU.ActiveCfg = Release|Any CPU
		{2532745C-D73E-4A4D-8E45-B237AE182B0F}.Release|Any CPU.Build.0 = Release|Any CPU
		{829D4B49-5E20-42E1-941C-A634322092DF}.Debug|Any CPU.ActiveCfg = Debug|Any CPU
		{829D4B49-5E20-42E1-941C-A634322092DF}.Debug|Any CPU.Build.0 = Debug|Any CPU
		{829D4B49-5E20-42E1-941C-A634322092DF}.Release|Any CPU.ActiveCfg = Release|Any CPU
		{829D4B49-5E20-42E1-941C-A634322092DF}.Release|Any CPU.Build.0 = Release|Any CPU
		{A1AAB070-1C61-4302-93E5-585DFC5E1956}.Debug|Any CPU.ActiveCfg = Debug|Any CPU
		{A1AAB070-1C61-4302-93E5-585DFC5E1956}.Debug|Any CPU.Build.0 = Debug|Any CPU
		{A1AAB070-1C61-4302-93E5-585DFC5E1956}.Release|Any CPU.ActiveCfg = Release|Any CPU
		{A1AAB070-1C61-4302-93E5-585DFC5E1956}.Release|Any CPU.Build.0 = Release|Any CPU
		{F03E5C27-47DB-41A4-98EA-F5BF846E85A7}.Debug|Any CPU.ActiveCfg = Debug|Any CPU
		{F03E5C27-47DB-41A4-98EA-F5BF846E85A7}.Debug|Any CPU.Build.0 = Debug|Any CPU
		{F03E5C27-47DB-41A4-98EA-F5BF846E85A7}.Release|Any CPU.ActiveCfg = Release|Any CPU
		{F03E5C27-47DB-41A4-98EA-F5BF846E85A7}.Release|Any CPU.Build.0 = Release|Any CPU
		{DE18BFE1-8782-45BA-BA59-ED52BB43DC31}.Debug|Any CPU.ActiveCfg = Debug|Any CPU
		{DE18BFE1-8782-45BA-BA59-ED52BB43DC31}.Debug|Any CPU.Build.0 = Debug|Any CPU
		{DE18BFE1-8782-45BA-BA59-ED52BB43DC31}.Release|Any CPU.ActiveCfg = Release|Any CPU
		{DE18BFE1-8782-45BA-BA59-ED52BB43DC31}.Release|Any CPU.Build.0 = Release|Any CPU
		{9A296FF2-22FD-48AB-9BA9-7ABB178B1B60}.Debug|Any CPU.ActiveCfg = Debug|Any CPU
		{9A296FF2-22FD-48AB-9BA9-7ABB178B1B60}.Debug|Any CPU.Build.0 = Debug|Any CPU
		{9A296FF2-22FD-48AB-9BA9-7ABB178B1B60}.Release|Any CPU.ActiveCfg = Release|Any CPU
		{9A296FF2-22FD-48AB-9BA9-7ABB178B1B60}.Release|Any CPU.Build.0 = Release|Any CPU
		{CCB59235-FC70-435D-AE0A-E43568FA9044}.Debug|Any CPU.ActiveCfg = Debug|Any CPU
		{CCB59235-FC70-435D-AE0A-E43568FA9044}.Debug|Any CPU.Build.0 = Debug|Any CPU
		{CCB59235-FC70-435D-AE0A-E43568FA9044}.Release|Any CPU.ActiveCfg = Release|Any CPU
		{CCB59235-FC70-435D-AE0A-E43568FA9044}.Release|Any CPU.Build.0 = Release|Any CPU
		{31635A35-FD1A-43C9-8988-DFB31D410E67}.Debug|Any CPU.ActiveCfg = Debug|Any CPU
		{31635A35-FD1A-43C9-8988-DFB31D410E67}.Debug|Any CPU.Build.0 = Debug|Any CPU
		{31635A35-FD1A-43C9-8988-DFB31D410E67}.Release|Any CPU.ActiveCfg = Release|Any CPU
		{31635A35-FD1A-43C9-8988-DFB31D410E67}.Release|Any CPU.Build.0 = Release|Any CPU
		{4958E236-F101-4CFD-A1DB-D3711FFB0D97}.Debug|Any CPU.ActiveCfg = Debug|Any CPU
		{4958E236-F101-4CFD-A1DB-D3711FFB0D97}.Debug|Any CPU.Build.0 = Debug|Any CPU
		{4958E236-F101-4CFD-A1DB-D3711FFB0D97}.Release|Any CPU.ActiveCfg = Release|Any CPU
		{4958E236-F101-4CFD-A1DB-D3711FFB0D97}.Release|Any CPU.Build.0 = Release|Any CPU
	EndGlobalSection
	GlobalSection(NestedProjects) = preSolution
		{859BEF08-0845-4F57-9522-777ECC54D23B} = {8F9B2953-7088-4800-8A34-8E089E516FD4}
		{2A3C6291-29C4-4216-9101-F513C4E7627C} = {8F9B2953-7088-4800-8A34-8E089E516FD4}
		{1957404F-F250-4AA9-9C17-40D4DDF7E2A9} = {2A3C6291-29C4-4216-9101-F513C4E7627C}
		{D0E2B16D-69AF-47D0-B2D7-EC05D18A1180} = {8F9B2953-7088-4800-8A34-8E089E516FD4}
		{5121178C-4E76-4E08-96EE-D395D1042B91} = {8F9B2953-7088-4800-8A34-8E089E516FD4}
		{CA88F088-1B91-4E7E-B53C-2D2F6D2D77A6} = {5121178C-4E76-4E08-96EE-D395D1042B91}
		{47FFFA0E-21AD-48EB-A7E0-E62861148E91} = {ECF8FC19-77DC-455B-9480-C2148C0BA083}
		{68923D16-55DA-4CA9-BC8A-401020A48FFC} = {47FFFA0E-21AD-48EB-A7E0-E62861148E91}
		{268D1561-2645-486C-A582-142792ADE10F} = {47FFFA0E-21AD-48EB-A7E0-E62861148E91}
		{8BE9B333-5BCF-4290-A473-FC14A6A88EDA} = {47FFFA0E-21AD-48EB-A7E0-E62861148E91}
		{38200824-F16A-43F1-A05B-94BA1260D865} = {47FFFA0E-21AD-48EB-A7E0-E62861148E91}
		{6B935706-0B9B-453B-8A0B-792A2BF2ED22} = {8F9B2953-7088-4800-8A34-8E089E516FD4}
		{882FAE21-A25A-41F3-A1FF-4E94C634CA88} = {8F9B2953-7088-4800-8A34-8E089E516FD4}
		{82A7147D-3A83-4041-A601-79357BDD6E8F} = {882FAE21-A25A-41F3-A1FF-4E94C634CA88}
		{080964BB-FCEE-4596-9609-D066218BA3E6} = {8F9B2953-7088-4800-8A34-8E089E516FD4}
		{76A6EEDF-5EDF-4107-BCBA-37A9E4BC3D5C} = {8F9B2953-7088-4800-8A34-8E089E516FD4}
		{F2EE4EFB-EC13-4071-90F0-CB977190B70E} = {76A6EEDF-5EDF-4107-BCBA-37A9E4BC3D5C}
		{D31CD5CC-AB44-4E69-BF82-E16E35C0B104} = {ECF8FC19-77DC-455B-9480-C2148C0BA083}
		{157B26A5-1526-48A4-9380-E3E1EA81C1E0} = {D31CD5CC-AB44-4E69-BF82-E16E35C0B104}
		{C1589230-038B-4867-B342-93A58B71586F} = {D31CD5CC-AB44-4E69-BF82-E16E35C0B104}
		{3399CF62-8E46-481A-9F2C-E1FEA69F66EA} = {ECF8FC19-77DC-455B-9480-C2148C0BA083}
		{A602BB61-030B-435E-9D4A-270A5F6F3FA2} = {3399CF62-8E46-481A-9F2C-E1FEA69F66EA}
		{40B7AFB7-8A1F-4F85-8055-59A87B8D7F1F} = {3399CF62-8E46-481A-9F2C-E1FEA69F66EA}
		{16F42D54-C555-45A5-8DA5-391A355E71F9} = {3399CF62-8E46-481A-9F2C-E1FEA69F66EA}
		{B9A519D0-5440-4513-92E6-C01941F9D319} = {3399CF62-8E46-481A-9F2C-E1FEA69F66EA}
		{ED5E9ABD-F056-4035-9A1E-0F4133B65D03} = {AEF0DEF5-D2C2-4C6F-8C33-FEE605C2637C}
		{FFE9FC84-B9A9-4F16-A3A5-194416D372CA} = {ECF8FC19-77DC-455B-9480-C2148C0BA083}
		{E1CAE470-A015-45DF-8E1E-64AD0082B0BD} = {FFE9FC84-B9A9-4F16-A3A5-194416D372CA}
		{E6FA5AF9-660E-46D1-A341-E0B1924B2F25} = {FFE9FC84-B9A9-4F16-A3A5-194416D372CA}
		{A45D73CF-ABCB-4E9E-8F81-C7E5F1641CA1} = {FFE9FC84-B9A9-4F16-A3A5-194416D372CA}
		{476E87F1-1631-4E12-B037-EB3B17E1AFB0} = {FFE9FC84-B9A9-4F16-A3A5-194416D372CA}
		{468C9AF9-9EC4-4C89-9864-2C6570ACDD2A} = {ECF8FC19-77DC-455B-9480-C2148C0BA083}
		{666AFD40-DD9E-4C23-9ADC-6F17ADE0D053} = {468C9AF9-9EC4-4C89-9864-2C6570ACDD2A}
		{D0834364-AB4A-4449-9D00-E84D3A6A1491} = {468C9AF9-9EC4-4C89-9864-2C6570ACDD2A}
		{6252D4E6-3C71-446D-9C55-82CA2F330745} = {468C9AF9-9EC4-4C89-9864-2C6570ACDD2A}
		{45EBD2D7-F599-4416-A8A7-4CE23300115C} = {468C9AF9-9EC4-4C89-9864-2C6570ACDD2A}
		{41EEFEE3-EE0C-4ECC-BF32-AB886993A442} = {ECF8FC19-77DC-455B-9480-C2148C0BA083}
		{1D6508A3-F063-4C31-AD26-BDA46AD3DFBB} = {41EEFEE3-EE0C-4ECC-BF32-AB886993A442}
		{23275C8E-37D5-4855-A38A-02AD636E94CD} = {41EEFEE3-EE0C-4ECC-BF32-AB886993A442}
		{A230981D-1E78-49B9-BCB1-F737751397EF} = {41EEFEE3-EE0C-4ECC-BF32-AB886993A442}
		{EA8B736B-B9CE-4095-9377-567893EC4469} = {41EEFEE3-EE0C-4ECC-BF32-AB886993A442}
		{0811BB5C-8AD1-428C-B650-93BC1F80E5ED} = {ECF8FC19-77DC-455B-9480-C2148C0BA083}
		{3B9EBC6B-353B-4E3F-A16A-9DD53402B29E} = {0811BB5C-8AD1-428C-B650-93BC1F80E5ED}
		{988C3DF7-3BE8-419D-8A11-4CA4ABD800FC} = {0811BB5C-8AD1-428C-B650-93BC1F80E5ED}
		{57E61E0D-1818-4F0D-BAA7-08D20437F062} = {0811BB5C-8AD1-428C-B650-93BC1F80E5ED}
		{2532745C-D73E-4A4D-8E45-B237AE182B0F} = {0811BB5C-8AD1-428C-B650-93BC1F80E5ED}
		{13FED358-DA99-4BBC-93A0-26EB60CF06DD} = {ECF8FC19-77DC-455B-9480-C2148C0BA083}
		{829D4B49-5E20-42E1-941C-A634322092DF} = {13FED358-DA99-4BBC-93A0-26EB60CF06DD}
		{A1AAB070-1C61-4302-93E5-585DFC5E1956} = {13FED358-DA99-4BBC-93A0-26EB60CF06DD}
		{F03E5C27-47DB-41A4-98EA-F5BF846E85A7} = {13FED358-DA99-4BBC-93A0-26EB60CF06DD}
		{DE18BFE1-8782-45BA-BA59-ED52BB43DC31} = {13FED358-DA99-4BBC-93A0-26EB60CF06DD}
		{5184CA95-6A30-4EB5-8F49-E5F769E6CE20} = {ECF8FC19-77DC-455B-9480-C2148C0BA083}
		{9A296FF2-22FD-48AB-9BA9-7ABB178B1B60} = {5184CA95-6A30-4EB5-8F49-E5F769E6CE20}
		{CCB59235-FC70-435D-AE0A-E43568FA9044} = {5184CA95-6A30-4EB5-8F49-E5F769E6CE20}
		{31635A35-FD1A-43C9-8988-DFB31D410E67} = {5184CA95-6A30-4EB5-8F49-E5F769E6CE20}
		{4958E236-F101-4CFD-A1DB-D3711FFB0D97} = {5184CA95-6A30-4EB5-8F49-E5F769E6CE20}
	EndGlobalSection
EndGlobal
