
Microsoft Visual Studio Solution File, Format Version 12.00
# Visual Studio Version 17
VisualStudioVersion = 17.0.31903.59
MinimumVisualStudioVersion = 10.0.40219.1
Project("{2150E333-8FDC-42A3-9474-1A3956D46DE8}") = "libs", "libs", "{8F9B2953-7088-4800-8A34-8E089E516FD4}"
EndProject
Project("{FAE04EC0-301F-11D3-BF4B-00C04F79EFBC}") = "Mersal.Auth", "libs\auth\Mersal.Auth.csproj", "{859BEF08-0845-4F57-9522-777ECC54D23B}"
EndProject
Project("{2150E333-8FDC-42A3-9474-1A3956D46DE8}") = "auth", "auth", "{2A3C6291-29C4-4216-9101-F513C4E7627C}"
EndProject
Project("{FAE04EC0-301F-11D3-BF4B-00C04F79EFBC}") = "Mersal.Auth.Tests", "libs\auth\Tests\Mersal.Auth.Tests.csproj", "{1957404F-F250-4AA9-9C17-40D4DDF7E2A9}"
EndProject
Project("{FAE04EC0-301F-11D3-BF4B-00C04F79EFBC}") = "Mersal.Audit.Client", "libs\audit-client\Mersal.Audit.Client.csproj", "{D0E2B16D-69AF-47D0-B2D7-EC05D18A1180}"
EndProject
Project("{2150E333-8FDC-42A3-9474-1A3956D46DE8}") = "audit-client", "audit-client", "{5121178C-4E76-4E08-96EE-D395D1042B91}"
EndProject
Project("{FAE04EC0-301F-11D3-BF4B-00C04F79EFBC}") = "Mersal.Audit.Client.Tests", "libs\audit-client\Tests\Mersal.Audit.Client.Tests.csproj", "{CA88F088-1B91-4E7E-B53C-2D2F6D2D77A6}"
EndProject
Project("{2150E333-8FDC-42A3-9474-1A3956D46DE8}") = "services", "services", "{ECF8FC19-77DC-455B-9480-C2148C0BA083}"
EndProject
Project("{2150E333-8FDC-42A3-9474-1A3956D46DE8}") = "audit", "audit", "{47FFFA0E-21AD-48EB-A7E0-E62861148E91}"
EndProject
Project("{FAE04EC0-301F-11D3-BF4B-00C04F79EFBC}") = "Mersal.Audit.Api", "services\audit\Api\Mersal.Audit.Api.csproj", "{68923D16-55DA-4CA9-BC8A-401020A48FFC}"
EndProject
Project("{FAE04EC0-301F-11D3-BF4B-00C04F79EFBC}") = "Mersal.Audit.Domain", "services\audit\Domain\Mersal.Audit.Domain.csproj", "{268D1561-2645-486C-A582-142792ADE10F}"
EndProject
Project("{FAE04EC0-301F-11D3-BF4B-00C04F79EFBC}") = "Mersal.Audit.Infrastructure", "services\audit\Infrastructure\Mersal.Audit.Infrastructure.csproj", "{8BE9B333-5BCF-4290-A473-FC14A6A88EDA}"
EndProject
Project("{FAE04EC0-301F-11D3-BF4B-00C04F79EFBC}") = "Mersal.Audit.Tests", "services\audit\Tests\Mersal.Audit.Tests.csproj", "{38200824-F16A-43F1-A05B-94BA1260D865}"
EndProject
Project("{FAE04EC0-301F-11D3-BF4B-00C04F79EFBC}") = "Mersal.Authz", "libs\authz\Mersal.Authz.csproj", "{6B935706-0B9B-453B-8A0B-792A2BF2ED22}"
EndProject
Project("{2150E333-8FDC-42A3-9474-1A3956D46DE8}") = "authz", "authz", "{882FAE21-A25A-41F3-A1FF-4E94C634CA88}"
EndProject
Project("{FAE04EC0-301F-11D3-BF4B-00C04F79EFBC}") = "Mersal.Authz.Tests", "libs\authz\Tests\Mersal.Authz.Tests.csproj", "{82A7147D-3A83-4041-A601-79357BDD6E8F}"
EndProject
Project("{FAE04EC0-301F-11D3-BF4B-00C04F79EFBC}") = "Mersal.Events", "libs\events\Mersal.Events.csproj", "{080964BB-FCEE-4596-9609-D066218BA3E6}"
EndProject
Project("{2150E333-8FDC-42A3-9474-1A3956D46DE8}") = "events", "events", "{76A6EEDF-5EDF-4107-BCBA-37A9E4BC3D5C}"
EndProject
Project("{FAE04EC0-301F-11D3-BF4B-00C04F79EFBC}") = "Mersal.Events.Tests", "libs\events\Tests\Mersal.Events.Tests.csproj", "{F2EE4EFB-EC13-4071-90F0-CB977190B70E}"
EndProject
Project("{2150E333-8FDC-42A3-9474-1A3956D46DE8}") = "hello", "hello", "{D31CD5CC-AB44-4E69-BF82-E16E35C0B104}"
EndProject
Project("{FAE04EC0-301F-11D3-BF4B-00C04F79EFBC}") = "Mersal.Hello.Api", "services\hello\Api\Mersal.Hello.Api.csproj", "{157B26A5-1526-48A4-9380-E3E1EA81C1E0}"
EndProject
Project("{FAE04EC0-301F-11D3-BF4B-00C04F79EFBC}") = "Mersal.Hello.Tests", "services\hello\Tests\Mersal.Hello.Tests.csproj", "{C1589230-038B-4867-B342-93A58B71586F}"
EndProject
Project("{2150E333-8FDC-42A3-9474-1A3956D46DE8}") = "masterdata", "masterdata", "{3399CF62-8E46-481A-9F2C-E1FEA69F66EA}"
EndProject
Project("{FAE04EC0-301F-11D3-BF4B-00C04F79EFBC}") = "Mersal.MasterData.Domain", "services\masterdata\Domain\Mersal.MasterData.Domain.csproj", "{A602BB61-030B-435E-9D4A-270A5F6F3FA2}"
EndProject
Project("{FAE04EC0-301F-11D3-BF4B-00C04F79EFBC}") = "Mersal.MasterData.Infrastructure", "services\masterdata\Infrastructure\Mersal.MasterData.Infrastructure.csproj", "{40B7AFB7-8A1F-4F85-8055-59A87B8D7F1F}"
EndProject
Project("{FAE04EC0-301F-11D3-BF4B-00C04F79EFBC}") = "Mersal.MasterData.Api", "services\masterdata\Api\Mersal.MasterData.Api.csproj", "{16F42D54-C555-45A5-8DA5-391A355E71F9}"
EndProject
Project("{FAE04EC0-301F-11D3-BF4B-00C04F79EFBC}") = "Mersal.MasterData.Tests", "services\masterdata\Tests\Mersal.MasterData.Tests.csproj", "{B9A519D0-5440-4513-92E6-C01941F9D319}"
EndProject
Project("{2150E333-8FDC-42A3-9474-1A3956D46DE8}") = "tools", "tools", "{AEF0DEF5-D2C2-4C6F-8C33-FEE605C2637C}"
EndProject
Project("{FAE04EC0-301F-11D3-BF4B-00C04F79EFBC}") = "Mersal.MasterData.Loader", "tools\masterdata-loader\Mersal.MasterData.Loader.csproj", "{ED5E9ABD-F056-4035-9A1E-0F4133B65D03}"
EndProject
Global
	GlobalSection(SolutionConfigurationPlatforms) = preSolution
		Debug|Any CPU = Debug|Any CPU
		Release|Any CPU = Release|Any CPU
	EndGlobalSection
	GlobalSection(SolutionProperties) = preSolution
		HideSolutionNode = FALSE
	EndGlobalSection
	GlobalSection(ProjectConfigurationPlatforms) = postSolution
		{859BEF08-0845-4F57-9522-777ECC54D23B}.Debug|Any CPU.ActiveCfg = Debug|Any CPU
		{859BEF08-0845-4F57-9522-777ECC54D23B}.Debug|Any CPU.Build.0 = Debug|Any CPU
		{859BEF08-0845-4F57-9522-777ECC54D23B}.Release|Any CPU.ActiveCfg = Release|Any CPU
		{859BEF08-0845-4F57-9522-777ECC54D23B}.Release|Any CPU.Build.0 = Release|Any CPU
		{1957404F-F250-4AA9-9C17-40D4DDF7E2A9}.Debug|Any CPU.ActiveCfg = Debug|Any CPU
		{1957404F-F250-4AA9-9C17-40D4DDF7E2A9}.Debug|Any CPU.Build.0 = Debug|Any CPU
		{1957404F-F250-4AA9-9C17-40D4DDF7E2A9}.Release|Any CPU.ActiveCfg = Release|Any CPU
		{1957404F-F250-4AA9-9C17-40D4DDF7E2A9}.Release|Any CPU.Build.0 = Release|Any CPU
		{D0E2B16D-69AF-47D0-B2D7-EC05D18A1180}.Debug|Any CPU.ActiveCfg = Debug|Any CPU
		{D0E2B16D-69AF-47D0-B2D7-EC05D18A1180}.Debug|Any CPU.Build.0 = Debug|Any CPU
		{D0E2B16D-69AF-47D0-B2D7-EC05D18A1180}.Release|Any CPU.ActiveCfg = Release|Any CPU
		{D0E2B16D-69AF-47D0-B2D7-EC05D18A1180}.Release|Any CPU.Build.0 = Release|Any CPU
		{CA88F088-1B91-4E7E-B53C-2D2F6D2D77A6}.Debug|Any CPU.ActiveCfg = Debug|Any CPU
		{CA88F088-1B91-4E7E-B53C-2D2F6D2D77A6}.Debug|Any CPU.Build.0 = Debug|Any CPU
		{CA88F088-1B91-4E7E-B53C-2D2F6D2D77A6}.Release|Any CPU.ActiveCfg = Release|Any CPU
		{CA88F088-1B91-4E7E-B53C-2D2F6D2D77A6}.Release|Any CPU.Build.0 = Release|Any CPU
		{68923D16-55DA-4CA9-BC8A-401020A48FFC}.Debug|Any CPU.ActiveCfg = Debug|Any CPU
		{68923D16-55DA-4CA9-BC8A-401020A48FFC}.Debug|Any CPU.Build.0 = Debug|Any CPU
		{68923D16-55DA-4CA9-BC8A-401020A48FFC}.Release|Any CPU.ActiveCfg = Release|Any CPU
		{68923D16-55DA-4CA9-BC8A-401020A48FFC}.Release|Any CPU.Build.0 = Release|Any CPU
		{268D1561-2645-486C-A582-142792ADE10F}.Debug|Any CPU.ActiveCfg = Debug|Any CPU
		{268D1561-2645-486C-A582-142792ADE10F}.Debug|Any CPU.Build.0 = Debug|Any CPU
		{268D1561-2645-486C-A582-142792ADE10F}.Release|Any CPU.ActiveCfg = Release|Any CPU
		{268D1561-2645-486C-A582-142792ADE10F}.Release|Any CPU.Build.0 = Release|Any CPU
		{8BE9B333-5BCF-4290-A473-FC14A6A88EDA}.Debug|Any CPU.ActiveCfg = Debug|Any CPU
		{8BE9B333-5BCF-4290-A473-FC14A6A88EDA}.Debug|Any CPU.Build.0 = Debug|Any CPU
		{8BE9B333-5BCF-4290-A473-FC14A6A88EDA}.Release|Any CPU.ActiveCfg = Release|Any CPU
		{8BE9B333-5BCF-4290-A473-FC14A6A88EDA}.Release|Any CPU.Build.0 = Release|Any CPU
		{38200824-F16A-43F1-A05B-94BA1260D865}.Debug|Any CPU.ActiveCfg = Debug|Any CPU
		{38200824-F16A-43F1-A05B-94BA1260D865}.Debug|Any CPU.Build.0 = Debug|Any CPU
		{38200824-F16A-43F1-A05B-94BA1260D865}.Release|Any CPU.ActiveCfg = Release|Any CPU
		{38200824-F16A-43F1-A05B-94BA1260D865}.Release|Any CPU.Build.0 = Release|Any CPU
		{6B935706-0B9B-453B-8A0B-792A2BF2ED22}.Debug|Any CPU.ActiveCfg = Debug|Any CPU
		{6B935706-0B9B-453B-8A0B-792A2BF2ED22}.Debug|Any CPU.Build.0 = Debug|Any CPU
		{6B935706-0B9B-453B-8A0B-792A2BF2ED22}.Release|Any CPU.ActiveCfg = Release|Any CPU
		{6B935706-0B9B-453B-8A0B-792A2BF2ED22}.Release|Any CPU.Build.0 = Release|Any CPU
		{82A7147D-3A83-4041-A601-79357BDD6E8F}.Debug|Any CPU.ActiveCfg = Debug|Any CPU
		{82A7147D-3A83-4041-A601-79357BDD6E8F}.Debug|Any CPU.Build.0 = Debug|Any CPU
		{82A7147D-3A83-4041-A601-79357BDD6E8F}.Release|Any CPU.ActiveCfg = Release|Any CPU
		{82A7147D-3A83-4041-A601-79357BDD6E8F}.Release|Any CPU.Build.0 = Release|Any CPU
		{080964BB-FCEE-4596-9609-D066218BA3E6}.Debug|Any CPU.ActiveCfg = Debug|Any CPU
		{080964BB-FCEE-4596-9609-D066218BA3E6}.Debug|Any CPU.Build.0 = Debug|Any CPU
		{080964BB-FCEE-4596-9609-D066218BA3E6}.Release|Any CPU.ActiveCfg = Release|Any CPU
		{080964BB-FCEE-4596-9609-D066218BA3E6}.Release|Any CPU.Build.0 = Release|Any CPU
		{F2EE4EFB-EC13-4071-90F0-CB977190B70E}.Debug|Any CPU.ActiveCfg = Debug|Any CPU
		{F2EE4EFB-EC13-4071-90F0-CB977190B70E}.Debug|Any CPU.Build.0 = Debug|Any CPU
		{F2EE4EFB-EC13-4071-90F0-CB977190B70E}.Release|Any CPU.ActiveCfg = Release|Any CPU
		{F2EE4EFB-EC13-4071-90F0-CB977190B70E}.Release|Any CPU.Build.0 = Release|Any CPU
		{157B26A5-1526-48A4-9380-E3E1EA81C1E0}.Debug|Any CPU.ActiveCfg = Debug|Any CPU
		{157B26A5-1526-48A4-9380-E3E1EA81C1E0}.Debug|Any CPU.Build.0 = Debug|Any CPU
		{157B26A5-1526-48A4-9380-E3E1EA81C1E0}.Release|Any CPU.ActiveCfg = Release|Any CPU
		{157B26A5-1526-48A4-9380-E3E1EA81C1E0}.Release|Any CPU.Build.0 = Release|Any CPU
		{C1589230-038B-4867-B342-93A58B71586F}.Debug|Any CPU.ActiveCfg = Debug|Any CPU
		{C1589230-038B-4867-B342-93A58B71586F}.Debug|Any CPU.Build.0 = Debug|Any CPU
		{C1589230-038B-4867-B342-93A58B71586F}.Release|Any CPU.ActiveCfg = Release|Any CPU
		{C1589230-038B-4867-B342-93A58B71586F}.Release|Any CPU.Build.0 = Release|Any CPU
		{A602BB61-030B-435E-9D4A-270A5F6F3FA2}.Debug|Any CPU.ActiveCfg = Debug|Any CPU
		{A602BB61-030B-435E-9D4A-270A5F6F3FA2}.Debug|Any CPU.Build.0 = Debug|Any CPU
		{A602BB61-030B-435E-9D4A-270A5F6F3FA2}.Release|Any CPU.ActiveCfg = Release|Any CPU
		{A602BB61-030B-435E-9D4A-270A5F6F3FA2}.Release|Any CPU.Build.0 = Release|Any CPU
		{40B7AFB7-8A1F-4F85-8055-59A87B8D7F1F}.Debug|Any CPU.ActiveCfg = Debug|Any CPU
		{40B7AFB7-8A1F-4F85-8055-59A87B8D7F1F}.Debug|Any CPU.Build.0 = Debug|Any CPU
		{40B7AFB7-8A1F-4F85-8055-59A87B8D7F1F}.Release|Any CPU.ActiveCfg = Release|Any CPU
		{40B7AFB7-8A1F-4F85-8055-59A87B8D7F1F}.Release|Any CPU.Build.0 = Release|Any CPU
		{16F42D54-C555-45A5-8DA5-391A355E71F9}.Debug|Any CPU.ActiveCfg = Debug|Any CPU
		{16F42D54-C555-45A5-8DA5-391A355E71F9}.Debug|Any CPU.Build.0 = Debug|Any CPU
		{16F42D54-C555-45A5-8DA5-391A355E71F9}.Release|Any CPU.ActiveCfg = Release|Any CPU
		{16F42D54-C555-45A5-8DA5-391A355E71F9}.Release|Any CPU.Build.0 = Release|Any CPU
		{B9A519D0-5440-4513-92E6-C01941F9D319}.Debug|Any CPU.ActiveCfg = Debug|Any CPU
		{B9A519D0-5440-4513-92E6-C01941F9D319}.Debug|Any CPU.Build.0 = Debug|Any CPU
		{B9A519D0-5440-4513-92E6-C01941F9D319}.Release|Any CPU.ActiveCfg = Release|Any CPU
		{B9A519D0-5440-4513-92E6-C01941F9D319}.Release|Any CPU.Build.0 = Release|Any CPU
		{ED5E9ABD-F056-4035-9A1E-0F4133B65D03}.Debug|Any CPU.ActiveCfg = Debug|Any CPU
		{ED5E9ABD-F056-4035-9A1E-0F4133B65D03}.Debug|Any CPU.Build.0 = Debug|Any CPU
		{ED5E9ABD-F056-4035-9A1E-0F4133B65D03}.Release|Any CPU.ActiveCfg = Release|Any CPU
		{ED5E9ABD-F056-4035-9A1E-0F4133B65D03}.Release|Any CPU.Build.0 = Release|Any CPU
	EndGlobalSection
	GlobalSection(NestedProjects) = preSolution
		{859BEF08-0845-4F57-9522-777ECC54D23B} = {8F9B2953-7088-4800-8A34-8E089E516FD4}
		{2A3C6291-29C4-4216-9101-F513C4E7627C} = {8F9B2953-7088-4800-8A34-8E089E516FD4}
		{1957404F-F250-4AA9-9C17-40D4DDF7E2A9} = {2A3C6291-29C4-4216-9101-F513C4E7627C}
		{D0E2B16D-69AF-47D0-B2D7-EC05D18A1180} = {8F9B2953-7088-4800-8A34-8E089E516FD4}
		{5121178C-4E76-4E08-96EE-D395D1042B91} = {8F9B2953-7088-4800-8A34-8E089E516FD4}
		{CA88F088-1B91-4E7E-B53C-2D2F6D2D77A6} = {5121178C-4E76-4E08-96EE-D395D1042B91}
		{47FFFA0E-21AD-48EB-A7E0-E62861148E91} = {ECF8FC19-77DC-455B-9480-C2148C0BA083}
		{68923D16-55DA-4CA9-BC8A-401020A48FFC} = {47FFFA0E-21AD-48EB-A7E0-E62861148E91}
		{268D1561-2645-486C-A582-142792ADE10F} = {47FFFA0E-21AD-48EB-A7E0-E62861148E91}
		{8BE9B333-5BCF-4290-A473-FC14A6A88EDA} = {47FFFA0E-21AD-48EB-A7E0-E62861148E91}
		{38200824-F16A-43F1-A05B-94BA1260D865} = {47FFFA0E-21AD-48EB-A7E0-E62861148E91}
		{6B935706-0B9B-453B-8A0B-792A2BF2ED22} = {8F9B2953-7088-4800-8A34-8E089E516FD4}
		{882FAE21-A25A-41F3-A1FF-4E94C634CA88} = {8F9B2953-7088-4800-8A34-8E089E516FD4}
		{82A7147D-3A83-4041-A601-79357BDD6E8F} = {882FAE21-A25A-41F3-A1FF-4E94C634CA88}
		{080964BB-FCEE-4596-9609-D066218BA3E6} = {8F9B2953-7088-4800-8A34-8E089E516FD4}
		{76A6EEDF-5EDF-4107-BCBA-37A9E4BC3D5C} = {8F9B2953-7088-4800-8A34-8E089E516FD4}
		{F2EE4EFB-EC13-4071-90F0-CB977190B70E} = {76A6EEDF-5EDF-4107-BCBA-37A9E4BC3D5C}
		{D31CD5CC-AB44-4E69-BF82-E16E35C0B104} = {ECF8FC19-77DC-455B-9480-C2148C0BA083}
		{157B26A5-1526-48A4-9380-E3E1EA81C1E0} = {D31CD5CC-AB44-4E69-BF82-E16E35C0B104}
		{C1589230-038B-4867-B342-93A58B71586F} = {D31CD5CC-AB44-4E69-BF82-E16E35C0B104}
		{3399CF62-8E46-481A-9F2C-E1FEA69F66EA} = {ECF8FC19-77DC-455B-9480-C2148C0BA083}
		{A602BB61-030B-435E-9D4A-270A5F6F3FA2} = {3399CF62-8E46-481A-9F2C-E1FEA69F66EA}
		{40B7AFB7-8A1F-4F85-8055-59A87B8D7F1F} = {3399CF62-8E46-481A-9F2C-E1FEA69F66EA}
		{16F42D54-C555-45A5-8DA5-391A355E71F9} = {3399CF62-8E46-481A-9F2C-E1FEA69F66EA}
		{B9A519D0-5440-4513-92E6-C01941F9D319} = {3399CF62-8E46-481A-9F2C-E1FEA69F66EA}
		{ED5E9ABD-F056-4035-9A1E-0F4133B65D03} = {AEF0DEF5-D2C2-4C6F-8C33-FEE605C2637C}
	EndGlobalSection
EndGlobal
