
Microsoft Visual Studio Solution File, Format Version 12.00
# Visual Studio Version 17
VisualStudioVersion = 17.0.31903.59
MinimumVisualStudioVersion = 10.0.40219.1
Project("{2150E333-8FDC-42A3-9474-1A3956D46DE8}") = "libs", "libs", "{8F9B2953-7088-4800-8A34-8E089E516FD4}"
EndProject
Project("{FAE04EC0-301F-11D3-BF4B-00C04F79EFBC}") = "Mersal.Auth", "libs\auth\Mersal.Auth.csproj", "{859BEF08-0845-4F57-9522-777ECC54D23B}"
EndProject
Project("{2150E333-8FDC-42A3-9474-1A3956D46DE8}") = "auth", "auth", "{2A3C6291-29C4-4216-9101-F513C4E7627C}"
EndProject
Project("{FAE04EC0-301F-11D3-BF4B-00C04F79EFBC}") = "Mersal.Auth.Tests", "libs\auth\Tests\Mersal.Auth.Tests.csproj", "{1957404F-F250-4AA9-9C17-40D4DDF7E2A9}"
EndProject
Project("{FAE04EC0-301F-11D3-BF4B-00C04F79EFBC}") = "Mersal.Audit.Client", "libs\audit-client\Mersal.Audit.Client.csproj", "{D0E2B16D-69AF-47D0-B2D7-EC05D18A1180}"
EndProject
Project("{2150E333-8FDC-42A3-9474-1A3956D46DE8}") = "audit-client", "audit-client", "{5121178C-4E76-4E08-96EE-D395D1042B91}"
EndProject
Project("{FAE04EC0-301F-11D3-BF4B-00C04F79EFBC}") = "Mersal.Audit.Client.Tests", "libs\audit-client\Tests\Mersal.Audit.Client.Tests.csproj", "{CA88F088-1B91-4E7E-B53C-2D2F6D2D77A6}"
EndProject
Project("{2150E333-8FDC-42A3-9474-1A3956D46DE8}") = "services", "services", "{ECF8FC19-77DC-455B-9480-C2148C0BA083}"
EndProject
Project("{2150E333-8FDC-42A3-9474-1A3956D46DE8}") = "audit", "audit", "{47FFFA0E-21AD-48EB-A7E0-E62861148E91}"
EndProject
Project("{FAE04EC0-301F-11D3-BF4B-00C04F79EFBC}") = "Mersal.Audit.Api", "services\audit\Api\Mersal.Audit.Api.csproj", "{68923D16-55DA-4CA9-BC8A-401020A48FFC}"
EndProject
Project("{FAE04EC0-301F-11D3-BF4B-00C04F79EFBC}") = "Mersal.Audit.Domain", "services\audit\Domain\Mersal.Audit.Domain.csproj", "{268D1561-2645-486C-A582-142792ADE10F}"
EndProject
Project("{FAE04EC0-301F-11D3-BF4B-00C04F79EFBC}") = "Mersal.Audit.Infrastructure", "services\audit\Infrastructure\Mersal.Audit.Infrastructure.csproj", "{8BE9B333-5BCF-4290-A473-FC14A6A88EDA}"
EndProject
Project("{FAE04EC0-301F-11D3-BF4B-00C04F79EFBC}") = "Mersal.Audit.Tests", "services\audit\Tests\Mersal.Audit.Tests.csproj", "{38200824-F16A-43F1-A05B-94BA1260D865}"
EndProject
Project("{FAE04EC0-301F-11D3-BF4B-00C04F79EFBC}") = "Mersal.Authz", "libs\authz\Mersal.Authz.csproj", "{6B935706-0B9B-453B-8A0B-792A2BF2ED22}"
EndProject
Project("{2150E333-8FDC-42A3-9474-1A3956D46DE8}") = "authz", "authz", "{882FAE21-A25A-41F3-A1FF-4E94C634CA88}"
EndProject
Project("{FAE04EC0-301F-11D3-BF4B-00C04F79EFBC}") = "Mersal.Authz.Tests", "libs\authz\Tests\Mersal.Authz.Tests.csproj", "{82A7147D-3A83-4041-A601-79357BDD6E8F}"
EndProject
Project("{FAE04EC0-301F-11D3-BF4B-00C04F79EFBC}") = "Mersal.Events", "libs\events\Mersal.Events.csproj", "{080964BB-FCEE-4596-9609-D066218BA3E6}"
EndProject
Project("{2150E333-8FDC-42A3-9474-1A3956D46DE8}") = "events", "events", "{76A6EEDF-5EDF-4107-BCBA-37A9E4BC3D5C}"
EndProject
Project("{FAE04EC0-301F-11D3-BF4B-00C04F79EFBC}") = "Mersal.Events.Tests", "libs\events\Tests\Mersal.Events.Tests.csproj", "{F2EE4EFB-EC13-4071-90F0-CB977190B70E}"
EndProject
Project("{2150E333-8FDC-42A3-9474-1A3956D46DE8}") = "masterdata", "masterdata", "{3399CF62-8E46-481A-9F2C-E1FEA69F66EA}"
EndProject
Project("{FAE04EC0-301F-11D3-BF4B-00C04F79EFBC}") = "Mersal.MasterData.Domain", "services\masterdata\Domain\Mersal.MasterData.Domain.csproj", "{A602BB61-030B-435E-9D4A-270A5F6F3FA2}"
EndProject
Project("{FAE04EC0-301F-11D3-BF4B-00C04F79EFBC}") = "Mersal.MasterData.Infrastructure", "services\masterdata\Infrastructure\Mersal.MasterData.Infrastructure.csproj", "{40B7AFB7-8A1F-4F85-8055-59A87B8D7F1F}"
EndProject
Project("{FAE04EC0-301F-11D3-BF4B-00C04F79EFBC}") = "Mersal.MasterData.Api", "services\masterdata\Api\Mersal.MasterData.Api.csproj", "{16F42D54-C555-45A5-8DA5-391A355E71F9}"
EndProject
Project("{FAE04EC0-301F-11D3-BF4B-00C04F79EFBC}") = "Mersal.MasterData.Tests", "services\masterdata\Tests\Mersal.MasterData.Tests.csproj", "{B9A519D0-5440-4513-92E6-C01941F9D319}"
EndProject
Project("{2150E333-8FDC-42A3-9474-1A3956D46DE8}") = "tools", "tools", "{AEF0DEF5-D2C2-4C6F-8C33-FEE605C2637C}"
EndProject
Project("{FAE04EC0-301F-11D3-BF4B-00C04F79EFBC}") = "Mersal.MasterData.Loader", "tools\masterdata-loader\Mersal.MasterData.Loader.csproj", "{ED5E9ABD-F056-4035-9A1E-0F4133B65D03}"
EndProject
Project("{2150E333-8FDC-42A3-9474-1A3956D46DE8}") = "patient", "patient", "{FFE9FC84-B9A9-4F16-A3A5-194416D372CA}"
EndProject
Project("{FAE04EC0-301F-11D3-BF4B-00C04F79EFBC}") = "Mersal.Patient.Domain", "services\patient\Domain\Mersal.Patient.Domain.csproj", "{E1CAE470-A015-45DF-8E1E-64AD0082B0BD}"
EndProject
Project("{FAE04EC0-301F-11D3-BF4B-00C04F79EFBC}") = "Mersal.Patient.Infrastructure", "services\patient\Infrastructure\Mersal.Patient.Infrastructure.csproj", "{E6FA5AF9-660E-46D1-A341-E0B1924B2F25}"
EndProject
Project("{FAE04EC0-301F-11D3-BF4B-00C04F79EFBC}") = "Mersal.Patient.Api", "services\patient\Api\Mersal.Patient.Api.csproj", "{A45D73CF-ABCB-4E9E-8F81-C7E5F1641CA1}"
EndProject
Project("{FAE04EC0-301F-11D3-BF4B-00C04F79EFBC}") = "Mersal.Patient.Tests", "services\patient\Tests\Mersal.Patient.Tests.csproj", "{476E87F1-1631-4E12-B037-EB3B17E1AFB0}"
EndProject
Project("{2150E333-8FDC-42A3-9474-1A3956D46DE8}") = "policy", "policy", "{468C9AF9-9EC4-4C89-9864-2C6570ACDD2A}"
EndProject
Project("{FAE04EC0-301F-11D3-BF4B-00C04F79EFBC}") = "Mersal.Policy.Domain", "services\policy\Domain\Mersal.Policy.Domain.csproj", "{666AFD40-DD9E-4C23-9ADC-6F17ADE0D053}"
EndProject
Project("{FAE04EC0-301F-11D3-BF4B-00C04F79EFBC}") = "Mersal.Policy.Infrastructure", "services\policy\Infrastructure\Mersal.Policy.Infrastructure.csproj", "{D0834364-AB4A-4449-9D00-E84D3A6A1491}"
EndProject
Project("{FAE04EC0-301F-11D3-BF4B-00C04F79EFBC}") = "Mersal.Policy.Api", "services\policy\Api\Mersal.Policy.Api.csproj", "{6252D4E6-3C71-446D-9C55-82CA2F330745}"
EndProject
Project("{FAE04EC0-301F-11D3-BF4B-00C04F79EFBC}") = "Mersal.Policy.Tests", "services\policy\Tests\Mersal.Policy.Tests.csproj", "{45EBD2D7-F599-4416-A8A7-4CE23300115C}"
EndProject
Project("{2150E333-8FDC-42A3-9474-1A3956D46DE8}") = "document", "document", "{41EEFEE3-EE0C-4ECC-BF32-AB886993A442}"
EndProject
Project("{FAE04EC0-301F-11D3-BF4B-00C04F79EFBC}") = "Mersal.Document.Domain", "services\document\Domain\Mersal.Document.Domain.csproj", "{1D6508A3-F063-4C31-AD26-BDA46AD3DFBB}"
EndProject
Project("{FAE04EC0-301F-11D3-BF4B-00C04F79EFBC}") = "Mersal.Document.Infrastructure", "services\document\Infrastructure\Mersal.Document.Infrastructure.csproj", "{23275C8E-37D5-4855-A38A-02AD636E94CD}"
EndProject
Project("{FAE04EC0-301F-11D3-BF4B-00C04F79EFBC}") = "Mersal.Document.Api", "services\document\Api\Mersal.Document.Api.csproj", "{A230981D-1E78-49B9-BCB1-F737751397EF}"
EndProject
Project("{FAE04EC0-301F-11D3-BF4B-00C04F79EFBC}") = "Mersal.Document.Tests", "services\document\Tests\Mersal.Document.Tests.csproj", "{EA8B736B-B9CE-4095-9377-567893EC4469}"
EndProject
Project("{2150E333-8FDC-42A3-9474-1A3956D46DE8}") = "eligibility", "eligibility", "{0811BB5C-8AD1-428C-B650-93BC1F80E5ED}"
EndProject
Project("{FAE04EC0-301F-11D3-BF4B-00C04F79EFBC}") = "Mersal.Eligibility.Domain", "services\eligibility\Domain\Mersal.Eligibility.Domain.csproj", "{3B9EBC6B-353B-4E3F-A16A-9DD53402B29E}"
EndProject
Project("{FAE04EC0-301F-11D3-BF4B-00C04F79EFBC}") = "Mersal.Eligibility.Infrastructure", "services\eligibility\Infrastructure\Mersal.Eligibility.Infrastructure.csproj", "{988C3DF7-3BE8-419D-8A11-4CA4ABD800FC}"
EndProject
Project("{FAE04EC0-301F-11D3-BF4B-00C04F79EFBC}") = "Mersal.Eligibility.Api", "services\eligibility\Api\Mersal.Eligibility.Api.csproj", "{57E61E0D-1818-4F0D-BAA7-08D20437F062}"
EndProject
Project("{FAE04EC0-301F-11D3-BF4B-00C04F79EFBC}") = "Mersal.Eligibility.Tests", "services\eligibility\Tests\Mersal.Eligibility.Tests.csproj", "{2532745C-D73E-4A4D-8E45-B237AE182B0F}"
EndProject
Project("{2150E333-8FDC-42A3-9474-1A3956D46DE8}") = "emr", "emr", "{13FED358-DA99-4BBC-93A0-26EB60CF06DD}"
EndProject
Project("{FAE04EC0-301F-11D3-BF4B-00C04F79EFBC}") = "Mersal.Emr.Domain", "services\emr\Domain\Mersal.Emr.Domain.csproj", "{829D4B49-5E20-42E1-941C-A634322092DF}"
EndProject
Project("{FAE04EC0-301F-11D3-BF4B-00C04F79EFBC}") = "Mersal.Emr.Infrastructure", "services\emr\Infrastructure\Mersal.Emr.Infrastructure.csproj", "{A1AAB070-1C61-4302-93E5-585DFC5E1956}"
EndProject
Project("{FAE04EC0-301F-11D3-BF4B-00C04F79EFBC}") = "Mersal.Emr.Api", "services\emr\Api\Mersal.Emr.Api.csproj", "{F03E5C27-47DB-41A4-98EA-F5BF846E85A7}"
EndProject
Project("{FAE04EC0-301F-11D3-BF4B-00C04F79EFBC}") = "Mersal.Emr.Tests", "services\emr\Tests\Mersal.Emr.Tests.csproj", "{DE18BFE1-8782-45BA-BA59-ED52BB43DC31}"
EndProject
Project("{2150E333-8FDC-42A3-9474-1A3956D46DE8}") = "provider", "provider", "{5184CA95-6A30-4EB5-8F49-E5F769E6CE20}"
EndProject
Project("{FAE04EC0-301F-11D3-BF4B-00C04F79EFBC}") = "Mersal.Provider.Domain", "services\provider\Domain\Mersal.Provider.Domain.csproj", "{9A296FF2-22FD-48AB-9BA9-7ABB178B1B60}"
EndProject
Project("{FAE04EC0-301F-11D3-BF4B-00C04F79EFBC}") = "Mersal.Provider.Infrastructure", "services\provider\Infrastructure\Mersal.Provider.Infrastructure.csproj", "{CCB59235-FC70-435D-AE0A-E43568FA9044}"
EndProject
Project("{FAE04EC0-301F-11D3-BF4B-00C04F79EFBC}") = "Mersal.Provider.Api", "services\provider\Api\Mersal.Provider.Api.csproj", "{31635A35-FD1A-43C9-8988-DFB31D410E67}"
EndProject
Project("{FAE04EC0-301F-11D3-BF4B-00C04F79EFBC}") = "Mersal.Provider.Tests", "services\provider\Tests\Mersal.Provider.Tests.csproj", "{4958E236-F101-4CFD-A1DB-D3711FFB0D97}"
EndProject
Project("{2150E333-8FDC-42A3-9474-1A3956D46DE8}") = "orders", "orders", "{5E515E5F-D70B-4F82-8347-7736BA64A6B8}"
EndProject
Project("{FAE04EC0-301F-11D3-BF4B-00C04F79EFBC}") = "Mersal.Orders.Domain", "services\orders\Domain\Mersal.Orders.Domain.csproj", "{5CD6F95F-DB8C-4CAF-AE06-59B87928D545}"
EndProject
Project("{FAE04EC0-301F-11D3-BF4B-00C04F79EFBC}") = "Mersal.Orders.Infrastructure", "services\orders\Infrastructure\Mersal.Orders.Infrastructure.csproj", "{9460DB1F-9B96-40AA-9FA0-DFD782741F36}"
EndProject
Project("{FAE04EC0-301F-11D3-BF4B-00C04F79EFBC}") = "Mersal.Orders.Api", "services\orders\Api\Mersal.Orders.Api.csproj", "{1612AB24-5986-42BC-9D53-DE25A6A36ECE}"
EndProject
Project("{FAE04EC0-301F-11D3-BF4B-00C04F79EFBC}") = "Mersal.Orders.Tests", "services\orders\Tests\Mersal.Orders.Tests.csproj", "{CA0268BD-353E-49D5-A950-7594ADABBFF8}"
EndProject
Project("{2150E333-8FDC-42A3-9474-1A3956D46DE8}") = "pharmacy", "pharmacy", "{BC3E526F-6FBE-4CC2-96F4-959B0DC27E99}"
EndProject
Project("{FAE04EC0-301F-11D3-BF4B-00C04F79EFBC}") = "Mersal.Pharmacy.Domain", "services\pharmacy\Domain\Mersal.Pharmacy.Domain.csproj", "{F8F29EBA-62B9-4FDB-A7E0-35D54DB4A00F}"
EndProject
Project("{FAE04EC0-301F-11D3-BF4B-00C04F79EFBC}") = "Mersal.Pharmacy.Infrastructure", "services\pharmacy\Infrastructure\Mersal.Pharmacy.Infrastructure.csproj", "{F8C24C39-08DB-4E54-A6DD-4DC5CFFE4C84}"
EndProject
Project("{FAE04EC0-301F-11D3-BF4B-00C04F79EFBC}") = "Mersal.Pharmacy.Api", "services\pharmacy\Api\Mersal.Pharmacy.Api.csproj", "{2146BB42-7BF1-41A7-9562-C03BB732D449}"
EndProject
Project("{FAE04EC0-301F-11D3-BF4B-00C04F79EFBC}") = "Mersal.Pharmacy.Tests", "services\pharmacy\Tests\Mersal.Pharmacy.Tests.csproj", "{BBB3BDBA-7FD2-4811-B695-EA84AC2A2066}"
EndProject
Project("{2150E333-8FDC-42A3-9474-1A3956D46DE8}") = "approvals", "approvals", "{EDDDCD59-372F-4A32-AD9E-EA373AE079EE}"
EndProject
Project("{FAE04EC0-301F-11D3-BF4B-00C04F79EFBC}") = "Mersal.Approvals.Domain", "services\approvals\Domain\Mersal.Approvals.Domain.csproj", "{F2E62801-5B8E-49F7-AB9F-0167FA19239B}"
EndProject
Project("{FAE04EC0-301F-11D3-BF4B-00C04F79EFBC}") = "Mersal.Approvals.Infrastructure", "services\approvals\Infrastructure\Mersal.Approvals.Infrastructure.csproj", "{40B24BE7-5C4D-46D5-BAAC-84EE6A314822}"
EndProject
Project("{FAE04EC0-301F-11D3-BF4B-00C04F79EFBC}") = "Mersal.Approvals.Api", "services\approvals\Api\Mersal.Approvals.Api.csproj", "{84B05F79-5756-4A39-90CD-9FD352EC9010}"
EndProject
Project("{FAE04EC0-301F-11D3-BF4B-00C04F79EFBC}") = "Mersal.Approvals.Tests", "services\approvals\Tests\Mersal.Approvals.Tests.csproj", "{FD065464-DAE9-45CF-A0CB-9017012F290F}"
EndProject
Project("{2150E333-8FDC-42A3-9474-1A3956D46DE8}") = "notification", "notification", "{D1921C70-043C-4FDB-89FC-A8738C2B0FE9}"
EndProject
Project("{FAE04EC0-301F-11D3-BF4B-00C04F79EFBC}") = "Mersal.Notification.Domain", "services\notification\Domain\Mersal.Notification.Domain.csproj", "{DFCA2D75-E5E8-41F4-BA4A-D466BCF4AD2C}"
EndProject
Project("{FAE04EC0-301F-11D3-BF4B-00C04F79EFBC}") = "Mersal.Notification.Infrastructure", "services\notification\Infrastructure\Mersal.Notification.Infrastructure.csproj", "{BA2D3831-1C21-4F14-8279-BB4F2DC6CC6B}"
EndProject
Project("{FAE04EC0-301F-11D3-BF4B-00C04F79EFBC}") = "Mersal.Notification.Api", "services\notification\Api\Mersal.Notification.Api.csproj", "{D14C84AA-9FA4-4EBF-8CB3-6788C17A1890}"
EndProject
Project("{FAE04EC0-301F-11D3-BF4B-00C04F79EFBC}") = "Mersal.Notification.Tests", "services\notification\Tests\Mersal.Notification.Tests.csproj", "{0E19B6BC-BCC3-419D-A3D0-02A9DFC50DFC}"
EndProject
Project("{2150E333-8FDC-42A3-9474-1A3956D46DE8}") = "reporting", "reporting", "{B2F483AF-C634-4CE8-875E-0E5753593462}"
EndProject
Project("{FAE04EC0-301F-11D3-BF4B-00C04F79EFBC}") = "Mersal.Reporting.Domain", "services\reporting\Domain\Mersal.Reporting.Domain.csproj", "{382883A4-F2A2-4A87-B990-3964171CA40D}"
EndProject
Project("{FAE04EC0-301F-11D3-BF4B-00C04F79EFBC}") = "Mersal.Reporting.Infrastructure", "services\reporting\Infrastructure\Mersal.Reporting.Infrastructure.csproj", "{A34DB541-F532-4484-9F0E-B897FF411B5F}"
EndProject
Project("{FAE04EC0-301F-11D3-BF4B-00C04F79EFBC}") = "Mersal.Reporting.Api", "services\reporting\Api\Mersal.Reporting.Api.csproj", "{6765587E-B801-4E12-8043-78B2E441589F}"
EndProject
Project("{FAE04EC0-301F-11D3-BF4B-00C04F79EFBC}") = "Mersal.Reporting.Tests", "services\reporting\Tests\Mersal.Reporting.Tests.csproj", "{ADE35387-D82C-44D6-8234-AFB762E6C161}"
EndProject
Project("{2150E333-8FDC-42A3-9474-1A3956D46DE8}") = "admin", "admin", "{6FD42A2B-C77B-4564-8D0B-BB34983683E8}"
EndProject
Project("{FAE04EC0-301F-11D3-BF4B-00C04F79EFBC}") = "Mersal.Admin.Domain", "services\admin\Domain\Mersal.Admin.Domain.csproj", "{5298B652-38D8-40F6-95A3-4FB4BADF310C}"
EndProject
Project("{FAE04EC0-301F-11D3-BF4B-00C04F79EFBC}") = "Mersal.Admin.Infrastructure", "services\admin\Infrastructure\Mersal.Admin.Infrastructure.csproj", "{FB66EAD4-89BF-4108-8510-2DC40C2925B6}"
EndProject
Project("{FAE04EC0-301F-11D3-BF4B-00C04F79EFBC}") = "Mersal.Admin.Api", "services\admin\Api\Mersal.Admin.Api.csproj", "{0F1EE883-1FFE-4FF4-A1DF-B15BF7D78289}"
EndProject
Project("{FAE04EC0-301F-11D3-BF4B-00C04F79EFBC}") = "Mersal.Admin.Tests", "services\admin\Tests\Mersal.Admin.Tests.csproj", "{E43C7E72-DCB6-442C-8FD5-8B6E7037A56F}"
EndProject
Project("{2150E333-8FDC-42A3-9474-1A3956D46DE8}") = "case", "case", "{60064DF2-C9E0-4E87-AD4F-803C1D7998F5}"
EndProject
Project("{FAE04EC0-301F-11D3-BF4B-00C04F79EFBC}") = "Mersal.Case.Domain", "services\case\Domain\Mersal.Case.Domain.csproj", "{A60D1F82-3F09-4CE1-9F19-8A97F4692BEC}"
EndProject
Project("{FAE04EC0-301F-11D3-BF4B-00C04F79EFBC}") = "Mersal.Case.Infrastructure", "services\case\Infrastructure\Mersal.Case.Infrastructure.csproj", "{3D4E5C2B-ECB7-4E7F-B073-E49F13987C56}"
EndProject
Project("{FAE04EC0-301F-11D3-BF4B-00C04F79EFBC}") = "Mersal.Case.Api", "services\case\Api\Mersal.Case.Api.csproj", "{FBCD4161-D49A-4E34-A6FE-89B3FF8203BD}"
EndProject
Project("{FAE04EC0-301F-11D3-BF4B-00C04F79EFBC}") = "Mersal.Case.Tests", "services\case\Tests\Mersal.Case.Tests.csproj", "{2C2678DA-28E9-45AE-9DA8-A4647100FAD0}"
EndProject
Project("{2150E333-8FDC-42A3-9474-1A3956D46DE8}") = "finance", "finance", "{68202D2C-B7D8-48E1-A771-C4ED026E8724}"
EndProject
Project("{FAE04EC0-301F-11D3-BF4B-00C04F79EFBC}") = "Mersal.Finance.Domain", "services\finance\Domain\Mersal.Finance.Domain.csproj", "{0B5164B6-67B7-4363-8042-53F67D1EF78B}"
EndProject
Project("{FAE04EC0-301F-11D3-BF4B-00C04F79EFBC}") = "Mersal.Finance.Infrastructure", "services\finance\Infrastructure\Mersal.Finance.Infrastructure.csproj", "{AE5E63D8-D8DF-4701-AAA2-1D79D7C8A082}"
EndProject
Project("{FAE04EC0-301F-11D3-BF4B-00C04F79EFBC}") = "Mersal.Finance.Api", "services\finance\Api\Mersal.Finance.Api.csproj", "{1B41756A-96E7-4022-8CF7-3980951FCEE2}"
EndProject
Project("{FAE04EC0-301F-11D3-BF4B-00C04F79EFBC}") = "Mersal.Finance.Tests", "services\finance\Tests\Mersal.Finance.Tests.csproj", "{E8AE3BB4-9ACB-4695-A6A8-7AC79DC4621D}"
EndProject
Project("{2150E333-8FDC-42A3-9474-1A3956D46DE8}") = "claims", "claims", "{C4505E6E-9C20-4C8F-AAE5-99231F0EAEEA}"
EndProject
Project("{FAE04EC0-301F-11D3-BF4B-00C04F79EFBC}") = "Mersal.Claims.Domain", "services\claims\Domain\Mersal.Claims.Domain.csproj", "{118FB345-72C3-416C-B830-713E95688451}"
EndProject
Project("{FAE04EC0-301F-11D3-BF4B-00C04F79EFBC}") = "Mersal.Claims.Infrastructure", "services\claims\Infrastructure\Mersal.Claims.Infrastructure.csproj", "{FBB79C5F-0DA8-45D1-9D37-64277039FBD2}"
EndProject
Project("{FAE04EC0-301F-11D3-BF4B-00C04F79EFBC}") = "Mersal.Claims.Api", "services\claims\Api\Mersal.Claims.Api.csproj", "{9684746C-EBF5-472B-B6FC-0F0ABFB839E2}"
EndProject
Project("{FAE04EC0-301F-11D3-BF4B-00C04F79EFBC}") = "Mersal.Claims.Tests", "services\claims\Tests\Mersal.Claims.Tests.csproj", "{BDFB48F3-15C7-46CA-AE58-287A78062DAC}"
EndProject
Project("{2150E333-8FDC-42A3-9474-1A3956D46DE8}") = "callcentre", "callcentre", "{7BCB0AA1-9C34-490B-B57E-0E0884F28222}"
EndProject
Project("{FAE04EC0-301F-11D3-BF4B-00C04F79EFBC}") = "Mersal.CallCentre.Domain", "services\callcentre\Domain\Mersal.CallCentre.Domain.csproj", "{067A83DA-AA72-407F-BD9D-25CBA3B4B123}"
EndProject
Project("{FAE04EC0-301F-11D3-BF4B-00C04F79EFBC}") = "Mersal.CallCentre.Infrastructure", "services\callcentre\Infrastructure\Mersal.CallCentre.Infrastructure.csproj", "{401076C0-B703-41C3-9374-2126E561F0EE}"
EndProject
Project("{FAE04EC0-301F-11D3-BF4B-00C04F79EFBC}") = "Mersal.CallCentre.Api", "services\callcentre\Api\Mersal.CallCentre.Api.csproj", "{E831C65E-190B-4D6E-8BB9-B98F7CE95B1D}"
EndProject
Project("{FAE04EC0-301F-11D3-BF4B-00C04F79EFBC}") = "Mersal.CallCentre.Tests", "services\callcentre\Tests\Mersal.CallCentre.Tests.csproj", "{4214541A-3C5F-4D94-AA97-3E5102A7AFEA}"
EndProject
Project("{FAE04EC0-301F-11D3-BF4B-00C04F79EFBC}") = "Mersal.Data", "libs\data\Mersal.Data.csproj", "{EE5583E2-6321-4301-987C-9D8AFA4C61F5}"
EndProject
Project("{2150E333-8FDC-42A3-9474-1A3956D46DE8}") = "identity", "identity", "{D429A7D8-20D1-44F7-A4EC-559304D7FFBC}"
EndProject
Project("{FAE04EC0-301F-11D3-BF4B-00C04F79EFBC}") = "Mersal.Identity.Domain", "services\identity\Domain\Mersal.Identity.Domain.csproj", "{87D702EE-A524-4DB4-9C4C-0F36DAF99EF1}"
EndProject
Project("{FAE04EC0-301F-11D3-BF4B-00C04F79EFBC}") = "Mersal.Identity.Infrastructure", "services\identity\Infrastructure\Mersal.Identity.Infrastructure.csproj", "{F51B5677-4230-4282-A85A-D0433331BD01}"
EndProject
Project("{FAE04EC0-301F-11D3-BF4B-00C04F79EFBC}") = "Mersal.Identity.Api", "services\identity\Api\Mersal.Identity.Api.csproj", "{C868D88C-83FC-47B9-B130-B5BFAD0D3F81}"
EndProject
Project("{FAE04EC0-301F-11D3-BF4B-00C04F79EFBC}") = "Mersal.Identity.Tests", "services\identity\Tests\Mersal.Identity.Tests.csproj", "{2A2C3F0F-CE3A-4E22-85ED-1F02D7651CF4}"
EndProject
Project("{FAE04EC0-301F-11D3-BF4B-00C04F79EFBC}") = "Mersal.Migration", "tools\migration\Mersal.Migration.csproj", "{E7FCC17E-4C9E-45E0-BF37-8BF08472FB1E}"
EndProject
Project("{2150E333-8FDC-42A3-9474-1A3956D46DE8}") = "migration", "migration", "{08C6DDDB-62EB-450C-9EDA-D3774F4032A3}"
EndProject
Project("{FAE04EC0-301F-11D3-BF4B-00C04F79EFBC}") = "Mersal.Migration.Tests", "tools\migration\Tests\Mersal.Migration.Tests.csproj", "{1E76A62C-EE50-4A3D-A517-95242BD5A0A1}"
EndProject
Project("{2150E333-8FDC-42A3-9474-1A3956D46DE8}") = "interop", "interop", "{E0176664-D0C0-4EDA-984A-C1FE175AE58F}"
EndProject
Project("{FAE04EC0-301F-11D3-BF4B-00C04F79EFBC}") = "Mersal.Interop.Domain", "services\interop\Domain\Mersal.Interop.Domain.csproj", "{63E763EF-A7A5-4FF9-A371-237ACCD83421}"
EndProject
Project("{FAE04EC0-301F-11D3-BF4B-00C04F79EFBC}") = "Mersal.Interop.Infrastructure", "services\interop\Infrastructure\Mersal.Interop.Infrastructure.csproj", "{FD38861D-89A0-4D64-AFA3-EBB70622A4E4}"
EndProject
Project("{FAE04EC0-301F-11D3-BF4B-00C04F79EFBC}") = "Mersal.Interop.Api", "services\interop\Api\Mersal.Interop.Api.csproj", "{22109051-3CC0-4AD4-A2BB-310947A1BE3E}"
EndProject
Project("{FAE04EC0-301F-11D3-BF4B-00C04F79EFBC}") = "Mersal.Interop.Tests", "services\interop\Tests\Mersal.Interop.Tests.csproj", "{5BE39422-7FEA-4822-814F-5627E77D1DAF}"
EndProject
Project("{FAE04EC0-301F-11D3-BF4B-00C04F79EFBC}") = "Mersal.Time", "libs\time\Mersal.Time.csproj", "{14B5B094-92B9-4568-AD26-DC7772EA0D14}"
EndProject
Project("{2150E333-8FDC-42A3-9474-1A3956D46DE8}") = "time", "time", "{252473C4-244D-4CE3-89A8-48F67655350D}"
EndProject
Project("{FAE04EC0-301F-11D3-BF4B-00C04F79EFBC}") = "Mersal.Time.Tests", "libs\time\Tests\Mersal.Time.Tests.csproj", "{6DC8822C-2FAF-4434-AF33-6BABCD9A47DB}"
EndProject
Project("{2150E333-8FDC-42A3-9474-1A3956D46DE8}") = "spec-conformance", "spec-conformance", "{9DD8A51B-5F04-40B3-8597-C0C9D4DFA7D7}"
EndProject
Project("{FAE04EC0-301F-11D3-BF4B-00C04F79EFBC}") = "Mersal.SpecConformance.Tests", "libs\spec-conformance\Tests\Mersal.SpecConformance.Tests.csproj", "{B27FD3EE-BD7C-48DF-8FF2-44A68604D03E}"
EndProject
Project("{FAE04EC0-301F-11D3-BF4B-00C04F79EFBC}") = "Mersal.Data.Tests", "libs\data\Tests\Mersal.Data.Tests.csproj", "{DC8784B3-BD6D-4E0E-AC6D-C9811B2A72CF}"
EndProject
Project("{FAE04EC0-301F-11D3-BF4B-00C04F79EFBC}") = "Mersal.Architecture.Tests", "libs\architecture\Tests\Mersal.Architecture.Tests.csproj", "{B8DEA303-2771-4976-B807-6FA3AE745B98}"
EndProject
Project("{FAE04EC0-301F-11D3-BF4B-00C04F79EFBC}") = "Mersal.Money", "libs\money\Mersal.Money.csproj", "{F223ED6E-C4B6-48E9-83EA-20F30345ED20}"
EndProject
Project("{FAE04EC0-301F-11D3-BF4B-00C04F79EFBC}") = "Mersal.Money.Tests", "libs\money\Tests\Mersal.Money.Tests.csproj", "{70B13053-352A-4060-8EBF-5925E50E9E22}"
EndProject
Project("{FAE04EC0-301F-11D3-BF4B-00C04F79EFBC}") = "Mersal.BenefitPricing", "libs\benefit-pricing\Mersal.BenefitPricing.csproj", "{6DDAD95C-7D53-42CE-849A-47A85E596E36}"
EndProject
Project("{2150E333-8FDC-42A3-9474-1A3956D46DE8}") = "benefit-pricing", "benefit-pricing", "{46A74D05-E2A9-487D-AD46-012F2132A830}"
EndProject
Project("{FAE04EC0-301F-11D3-BF4B-00C04F79EFBC}") = "Mersal.BenefitPricing.Tests", "libs\benefit-pricing\Tests\Mersal.BenefitPricing.Tests.csproj", "{7F76B323-8BEC-41E8-9504-841CCB01AE5A}"
EndProject
Project("{FAE04EC0-301F-11D3-BF4B-00C04F79EFBC}") = "Mersal.Profile.Domain", "services\profile\Domain\Mersal.Profile.Domain.csproj", "{342C80E7-B67B-4883-A7B0-61D305EAD636}"
EndProject
Project("{FAE04EC0-301F-11D3-BF4B-00C04F79EFBC}") = "Mersal.Profile.Infrastructure", "services\profile\Infrastructure\Mersal.Profile.Infrastructure.csproj", "{0AABD3C4-12BC-46B6-BDFD-2A81B690289A}"
EndProject
Project("{FAE04EC0-301F-11D3-BF4B-00C04F79EFBC}") = "Mersal.Profile.Api", "services\profile\Api\Mersal.Profile.Api.csproj", "{5E03890C-A517-4D9A-B3CA-0D83A1871B2D}"
EndProject
Project("{FAE04EC0-301F-11D3-BF4B-00C04F79EFBC}") = "Mersal.Profile.Tests", "services\profile\Tests\Mersal.Profile.Tests.csproj", "{4C585FFD-CF43-4BC7-AF52-25258DC4C2E3}"
EndProject
Project("{2150E333-8FDC-42A3-9474-1A3956D46DE8}") = "inventory", "inventory", "{FC7E2631-019C-4B03-BDDF-7C97FC57198C}"
EndProject
Project("{FAE04EC0-301F-11D3-BF4B-00C04F79EFBC}") = "Mersal.Inventory.Domain", "services\inventory\Domain\Mersal.Inventory.Domain.csproj", "{1B07E6B2-8F85-49E0-A7AA-7C3F0329993C}"
EndProject
Project("{FAE04EC0-301F-11D3-BF4B-00C04F79EFBC}") = "Mersal.Inventory.Infrastructure", "services\inventory\Infrastructure\Mersal.Inventory.Infrastructure.csproj", "{32693431-F627-4028-A4A7-7B7291D96CAB}"
EndProject
Project("{FAE04EC0-301F-11D3-BF4B-00C04F79EFBC}") = "Mersal.Inventory.Api", "services\inventory\Api\Mersal.Inventory.Api.csproj", "{C5B7086B-AEFF-46C8-886E-05036DBB6E35}"
EndProject
Project("{FAE04EC0-301F-11D3-BF4B-00C04F79EFBC}") = "Mersal.Inventory.Tests", "services\inventory\Tests\Mersal.Inventory.Tests.csproj", "{128144C2-A140-4CEB-B05F-829A48769D5C}"
EndProject
Project("{FAE04EC0-301F-11D3-BF4B-00C04F79EFBC}") = "Mersal.ClinicalValidation", "libs\clinical-validation\Mersal.ClinicalValidation.csproj", "{14DAA96B-0EF2-489A-B90C-1235D3A9592E}"
EndProject
Project("{2150E333-8FDC-42A3-9474-1A3956D46DE8}") = "clinical-validation", "clinical-validation", "{4F2230B7-8569-4CDC-A1CC-E650ADCA1379}"
EndProject
Project("{FAE04EC0-301F-11D3-BF4B-00C04F79EFBC}") = "Mersal.ClinicalValidation.Tests", "libs\clinical-validation\Tests\Mersal.ClinicalValidation.Tests.csproj", "{6F786092-EC03-4B47-B6C5-42DBDED8E10A}"
EndProject
Project("{FAE04EC0-301F-11D3-BF4B-00C04F79EFBC}") = "Mersal.Validity", "libs\validity\Mersal.Validity.csproj", "{2667DE3B-6149-4A0B-9A80-FEA3A67EF964}"
EndProject
Project("{2150E333-8FDC-42A3-9474-1A3956D46DE8}") = "validity", "validity", "{4B2E1CEF-11B8-4947-BE36-D30D7A8FD74A}"
EndProject
Project("{FAE04EC0-301F-11D3-BF4B-00C04F79EFBC}") = "Mersal.Validity.Tests", "libs\validity\Tests\Mersal.Validity.Tests.csproj", "{A27CE3FC-7700-43CD-9A70-0B40E0A95B0C}"
EndProject
Project("{FAE04EC0-301F-11D3-BF4B-00C04F79EFBC}") = "Mersal.Email", "libs\email\Mersal.Email.csproj", "{AF36E329-67F1-43D8-82A8-86928353E908}"
EndProject
Project("{2150E333-8FDC-42A3-9474-1A3956D46DE8}") = "email", "email", "{4BAADCC3-C4C8-43FE-B048-BFDE346AC32B}"
EndProject
Project("{FAE04EC0-301F-11D3-BF4B-00C04F79EFBC}") = "Mersal.Email.Tests", "libs\email\Tests\Mersal.Email.Tests.csproj", "{1D3520B0-C2AF-4AD5-ABFA-21DA206D44BE}"
EndProject
Project("{FAE04EC0-301F-11D3-BF4B-00C04F79EFBC}") = "Mersal.Ingredients", "libs\ingredients\Mersal.Ingredients.csproj", "{0C5FA46A-7ED5-4DA9-959F-D2EEA989AED0}"
EndProject
Project("{FAE04EC0-301F-11D3-BF4B-00C04F79EFBC}") = "Mersal.ClinicalCodes", "libs\clinical-codes\Mersal.ClinicalCodes.csproj", "{2435B85E-1909-47C9-95C9-084162411B01}"
EndProject
Project("{FAE04EC0-301F-11D3-BF4B-00C04F79EFBC}") = "Mersal.Prescribing", "libs\prescribing\Mersal.Prescribing.csproj", "{8998F0CF-0258-4487-97F8-32F93DF8A385}"
EndProject
Project("{2150E333-8FDC-42A3-9474-1A3956D46DE8}") = "prescribing", "prescribing", "{1D047502-A944-4286-A1CF-36B1D867F946}"
EndProject
Project("{FAE04EC0-301F-11D3-BF4B-00C04F79EFBC}") = "Mersal.Prescribing.Tests", "libs\prescribing\Tests\Mersal.Prescribing.Tests.csproj", "{A0A62F5F-15DC-4810-AAB5-1703860CAB51}"
EndProject
Project("{FAE04EC0-301F-11D3-BF4B-00C04F79EFBC}") = "Mersal.Amendment", "libs\amendment\Mersal.Amendment.csproj", "{7F0C4540-9E4D-483E-9A97-6B2849883B3D}"
EndProject
Project("{2150E333-8FDC-42A3-9474-1A3956D46DE8}") = "amendment", "amendment", "{B03F3E01-945E-49B1-9105-2689722BB423}"
EndProject
Project("{FAE04EC0-301F-11D3-BF4B-00C04F79EFBC}") = "Mersal.Amendment.Tests", "libs\amendment\Tests\Mersal.Amendment.Tests.csproj", "{F370565A-A1CA-462D-B312-2AADD5914CD2}"
EndProject
Global
	GlobalSection(SolutionConfigurationPlatforms) = preSolution
		Debug|Any CPU = Debug|Any CPU
		Release|Any CPU = Release|Any CPU
	EndGlobalSection
	GlobalSection(SolutionProperties) = preSolution
		HideSolutionNode = FALSE
	EndGlobalSection
	GlobalSection(ProjectConfigurationPlatforms) = postSolution
		{859BEF08-0845-4F57-9522-777ECC54D23B}.Debug|Any CPU.ActiveCfg = Debug|Any CPU
		{859BEF08-0845-4F57-9522-777ECC54D23B}.Debug|Any CPU.Build.0 = Debug|Any CPU
		{859BEF08-0845-4F57-9522-777ECC54D23B}.Release|Any CPU.ActiveCfg = Release|Any CPU
		{859BEF08-0845-4F57-9522-777ECC54D23B}.Release|Any CPU.Build.0 = Release|Any CPU
		{1957404F-F250-4AA9-9C17-40D4DDF7E2A9}.Debug|Any CPU.ActiveCfg = Debug|Any CPU
		{1957404F-F250-4AA9-9C17-40D4DDF7E2A9}.Debug|Any CPU.Build.0 = Debug|Any CPU
		{1957404F-F250-4AA9-9C17-40D4DDF7E2A9}.Release|Any CPU.ActiveCfg = Release|Any CPU
		{1957404F-F250-4AA9-9C17-40D4DDF7E2A9}.Release|Any CPU.Build.0 = Release|Any CPU
		{D0E2B16D-69AF-47D0-B2D7-EC05D18A1180}.Debug|Any CPU.ActiveCfg = Debug|Any CPU
		{D0E2B16D-69AF-47D0-B2D7-EC05D18A1180}.Debug|Any CPU.Build.0 = Debug|Any CPU
		{D0E2B16D-69AF-47D0-B2D7-EC05D18A1180}.Release|Any CPU.ActiveCfg = Release|Any CPU
		{D0E2B16D-69AF-47D0-B2D7-EC05D18A1180}.Release|Any CPU.Build.0 = Release|Any CPU
		{CA88F088-1B91-4E7E-B53C-2D2F6D2D77A6}.Debug|Any CPU.ActiveCfg = Debug|Any CPU
		{CA88F088-1B91-4E7E-B53C-2D2F6D2D77A6}.Debug|Any CPU.Build.0 = Debug|Any CPU
		{CA88F088-1B91-4E7E-B53C-2D2F6D2D77A6}.Release|Any CPU.ActiveCfg = Release|Any CPU
		{CA88F088-1B91-4E7E-B53C-2D2F6D2D77A6}.Release|Any CPU.Build.0 = Release|Any CPU
		{68923D16-55DA-4CA9-BC8A-401020A48FFC}.Debug|Any CPU.ActiveCfg = Debug|Any CPU
		{68923D16-55DA-4CA9-BC8A-401020A48FFC}.Debug|Any CPU.Build.0 = Debug|Any CPU
		{68923D16-55DA-4CA9-BC8A-401020A48FFC}.Release|Any CPU.ActiveCfg = Release|Any CPU
		{68923D16-55DA-4CA9-BC8A-401020A48FFC}.Release|Any CPU.Build.0 = Release|Any CPU
		{268D1561-2645-486C-A582-142792ADE10F}.Debug|Any CPU.ActiveCfg = Debug|Any CPU
		{268D1561-2645-486C-A582-142792ADE10F}.Debug|Any CPU.Build.0 = Debug|Any CPU
		{268D1561-2645-486C-A582-142792ADE10F}.Release|Any CPU.ActiveCfg = Release|Any CPU
		{268D1561-2645-486C-A582-142792ADE10F}.Release|Any CPU.Build.0 = Release|Any CPU
		{8BE9B333-5BCF-4290-A473-FC14A6A88EDA}.Debug|Any CPU.ActiveCfg = Debug|Any CPU
		{8BE9B333-5BCF-4290-A473-FC14A6A88EDA}.Debug|Any CPU.Build.0 = Debug|Any CPU
		{8BE9B333-5BCF-4290-A473-FC14A6A88EDA}.Release|Any CPU.ActiveCfg = Release|Any CPU
		{8BE9B333-5BCF-4290-A473-FC14A6A88EDA}.Release|Any CPU.Build.0 = Release|Any CPU
		{38200824-F16A-43F1-A05B-94BA1260D865}.Debug|Any CPU.ActiveCfg = Debug|Any CPU
		{38200824-F16A-43F1-A05B-94BA1260D865}.Debug|Any CPU.Build.0 = Debug|Any CPU
		{38200824-F16A-43F1-A05B-94BA1260D865}.Release|Any CPU.ActiveCfg = Release|Any CPU
		{38200824-F16A-43F1-A05B-94BA1260D865}.Release|Any CPU.Build.0 = Release|Any CPU
		{6B935706-0B9B-453B-8A0B-792A2BF2ED22}.Debug|Any CPU.ActiveCfg = Debug|Any CPU
		{6B935706-0B9B-453B-8A0B-792A2BF2ED22}.Debug|Any CPU.Build.0 = Debug|Any CPU
		{6B935706-0B9B-453B-8A0B-792A2BF2ED22}.Release|Any CPU.ActiveCfg = Release|Any CPU
		{6B935706-0B9B-453B-8A0B-792A2BF2ED22}.Release|Any CPU.Build.0 = Release|Any CPU
		{82A7147D-3A83-4041-A601-79357BDD6E8F}.Debug|Any CPU.ActiveCfg = Debug|Any CPU
		{82A7147D-3A83-4041-A601-79357BDD6E8F}.Debug|Any CPU.Build.0 = Debug|Any CPU
		{82A7147D-3A83-4041-A601-79357BDD6E8F}.Release|Any CPU.ActiveCfg = Release|Any CPU
		{82A7147D-3A83-4041-A601-79357BDD6E8F}.Release|Any CPU.Build.0 = Release|Any CPU
		{080964BB-FCEE-4596-9609-D066218BA3E6}.Debug|Any CPU.ActiveCfg = Debug|Any CPU
		{080964BB-FCEE-4596-9609-D066218BA3E6}.Debug|Any CPU.Build.0 = Debug|Any CPU
		{080964BB-FCEE-4596-9609-D066218BA3E6}.Release|Any CPU.ActiveCfg = Release|Any CPU
		{080964BB-FCEE-4596-9609-D066218BA3E6}.Release|Any CPU.Build.0 = Release|Any CPU
		{F2EE4EFB-EC13-4071-90F0-CB977190B70E}.Debug|Any CPU.ActiveCfg = Debug|Any CPU
		{F2EE4EFB-EC13-4071-90F0-CB977190B70E}.Debug|Any CPU.Build.0 = Debug|Any CPU
		{F2EE4EFB-EC13-4071-90F0-CB977190B70E}.Release|Any CPU.ActiveCfg = Release|Any CPU
		{F2EE4EFB-EC13-4071-90F0-CB977190B70E}.Release|Any CPU.Build.0 = Release|Any CPU
		{A602BB61-030B-435E-9D4A-270A5F6F3FA2}.Debug|Any CPU.ActiveCfg = Debug|Any CPU
		{A602BB61-030B-435E-9D4A-270A5F6F3FA2}.Debug|Any CPU.Build.0 = Debug|Any CPU
		{A602BB61-030B-435E-9D4A-270A5F6F3FA2}.Release|Any CPU.ActiveCfg = Release|Any CPU
		{A602BB61-030B-435E-9D4A-270A5F6F3FA2}.Release|Any CPU.Build.0 = Release|Any CPU
		{40B7AFB7-8A1F-4F85-8055-59A87B8D7F1F}.Debug|Any CPU.ActiveCfg = Debug|Any CPU
		{40B7AFB7-8A1F-4F85-8055-59A87B8D7F1F}.Debug|Any CPU.Build.0 = Debug|Any CPU
		{40B7AFB7-8A1F-4F85-8055-59A87B8D7F1F}.Release|Any CPU.ActiveCfg = Release|Any CPU
		{40B7AFB7-8A1F-4F85-8055-59A87B8D7F1F}.Release|Any CPU.Build.0 = Release|Any CPU
		{16F42D54-C555-45A5-8DA5-391A355E71F9}.Debug|Any CPU.ActiveCfg = Debug|Any CPU
		{16F42D54-C555-45A5-8DA5-391A355E71F9}.Debug|Any CPU.Build.0 = Debug|Any CPU
		{16F42D54-C555-45A5-8DA5-391A355E71F9}.Release|Any CPU.ActiveCfg = Release|Any CPU
		{16F42D54-C555-45A5-8DA5-391A355E71F9}.Release|Any CPU.Build.0 = Release|Any CPU
		{B9A519D0-5440-4513-92E6-C01941F9D319}.Debug|Any CPU.ActiveCfg = Debug|Any CPU
		{B9A519D0-5440-4513-92E6-C01941F9D319}.Debug|Any CPU.Build.0 = Debug|Any CPU
		{B9A519D0-5440-4513-92E6-C01941F9D319}.Release|Any CPU.ActiveCfg = Release|Any CPU
		{B9A519D0-5440-4513-92E6-C01941F9D319}.Release|Any CPU.Build.0 = Release|Any CPU
		{ED5E9ABD-F056-4035-9A1E-0F4133B65D03}.Debug|Any CPU.ActiveCfg = Debug|Any CPU
		{ED5E9ABD-F056-4035-9A1E-0F4133B65D03}.Debug|Any CPU.Build.0 = Debug|Any CPU
		{ED5E9ABD-F056-4035-9A1E-0F4133B65D03}.Release|Any CPU.ActiveCfg = Release|Any CPU
		{ED5E9ABD-F056-4035-9A1E-0F4133B65D03}.Release|Any CPU.Build.0 = Release|Any CPU
		{E1CAE470-A015-45DF-8E1E-64AD0082B0BD}.Debug|Any CPU.ActiveCfg = Debug|Any CPU
		{E1CAE470-A015-45DF-8E1E-64AD0082B0BD}.Debug|Any CPU.Build.0 = Debug|Any CPU
		{E1CAE470-A015-45DF-8E1E-64AD0082B0BD}.Release|Any CPU.ActiveCfg = Release|Any CPU
		{E1CAE470-A015-45DF-8E1E-64AD0082B0BD}.Release|Any CPU.Build.0 = Release|Any CPU
		{E6FA5AF9-660E-46D1-A341-E0B1924B2F25}.Debug|Any CPU.ActiveCfg = Debug|Any CPU
		{E6FA5AF9-660E-46D1-A341-E0B1924B2F25}.Debug|Any CPU.Build.0 = Debug|Any CPU
		{E6FA5AF9-660E-46D1-A341-E0B1924B2F25}.Release|Any CPU.ActiveCfg = Release|Any CPU
		{E6FA5AF9-660E-46D1-A341-E0B1924B2F25}.Release|Any CPU.Build.0 = Release|Any CPU
		{A45D73CF-ABCB-4E9E-8F81-C7E5F1641CA1}.Debug|Any CPU.ActiveCfg = Debug|Any CPU
		{A45D73CF-ABCB-4E9E-8F81-C7E5F1641CA1}.Debug|Any CPU.Build.0 = Debug|Any CPU
		{A45D73CF-ABCB-4E9E-8F81-C7E5F1641CA1}.Release|Any CPU.ActiveCfg = Release|Any CPU
		{A45D73CF-ABCB-4E9E-8F81-C7E5F1641CA1}.Release|Any CPU.Build.0 = Release|Any CPU
		{476E87F1-1631-4E12-B037-EB3B17E1AFB0}.Debug|Any CPU.ActiveCfg = Debug|Any CPU
		{476E87F1-1631-4E12-B037-EB3B17E1AFB0}.Debug|Any CPU.Build.0 = Debug|Any CPU
		{476E87F1-1631-4E12-B037-EB3B17E1AFB0}.Release|Any CPU.ActiveCfg = Release|Any CPU
		{476E87F1-1631-4E12-B037-EB3B17E1AFB0}.Release|Any CPU.Build.0 = Release|Any CPU
		{666AFD40-DD9E-4C23-9ADC-6F17ADE0D053}.Debug|Any CPU.ActiveCfg = Debug|Any CPU
		{666AFD40-DD9E-4C23-9ADC-6F17ADE0D053}.Debug|Any CPU.Build.0 = Debug|Any CPU
		{666AFD40-DD9E-4C23-9ADC-6F17ADE0D053}.Release|Any CPU.ActiveCfg = Release|Any CPU
		{666AFD40-DD9E-4C23-9ADC-6F17ADE0D053}.Release|Any CPU.Build.0 = Release|Any CPU
		{D0834364-AB4A-4449-9D00-E84D3A6A1491}.Debug|Any CPU.ActiveCfg = Debug|Any CPU
		{D0834364-AB4A-4449-9D00-E84D3A6A1491}.Debug|Any CPU.Build.0 = Debug|Any CPU
		{D0834364-AB4A-4449-9D00-E84D3A6A1491}.Release|Any CPU.ActiveCfg = Release|Any CPU
		{D0834364-AB4A-4449-9D00-E84D3A6A1491}.Release|Any CPU.Build.0 = Release|Any CPU
		{6252D4E6-3C71-446D-9C55-82CA2F330745}.Debug|Any CPU.ActiveCfg = Debug|Any CPU
		{6252D4E6-3C71-446D-9C55-82CA2F330745}.Debug|Any CPU.Build.0 = Debug|Any CPU
		{6252D4E6-3C71-446D-9C55-82CA2F330745}.Release|Any CPU.ActiveCfg = Release|Any CPU
		{6252D4E6-3C71-446D-9C55-82CA2F330745}.Release|Any CPU.Build.0 = Release|Any CPU
		{45EBD2D7-F599-4416-A8A7-4CE23300115C}.Debug|Any CPU.ActiveCfg = Debug|Any CPU
		{45EBD2D7-F599-4416-A8A7-4CE23300115C}.Debug|Any CPU.Build.0 = Debug|Any CPU
		{45EBD2D7-F599-4416-A8A7-4CE23300115C}.Release|Any CPU.ActiveCfg = Release|Any CPU
		{45EBD2D7-F599-4416-A8A7-4CE23300115C}.Release|Any CPU.Build.0 = Release|Any CPU
		{1D6508A3-F063-4C31-AD26-BDA46AD3DFBB}.Debug|Any CPU.ActiveCfg = Debug|Any CPU
		{1D6508A3-F063-4C31-AD26-BDA46AD3DFBB}.Debug|Any CPU.Build.0 = Debug|Any CPU
		{1D6508A3-F063-4C31-AD26-BDA46AD3DFBB}.Release|Any CPU.ActiveCfg = Release|Any CPU
		{1D6508A3-F063-4C31-AD26-BDA46AD3DFBB}.Release|Any CPU.Build.0 = Release|Any CPU
		{23275C8E-37D5-4855-A38A-02AD636E94CD}.Debug|Any CPU.ActiveCfg = Debug|Any CPU
		{23275C8E-37D5-4855-A38A-02AD636E94CD}.Debug|Any CPU.Build.0 = Debug|Any CPU
		{23275C8E-37D5-4855-A38A-02AD636E94CD}.Release|Any CPU.ActiveCfg = Release|Any CPU
		{23275C8E-37D5-4855-A38A-02AD636E94CD}.Release|Any CPU.Build.0 = Release|Any CPU
		{A230981D-1E78-49B9-BCB1-F737751397EF}.Debug|Any CPU.ActiveCfg = Debug|Any CPU
		{A230981D-1E78-49B9-BCB1-F737751397EF}.Debug|Any CPU.Build.0 = Debug|Any CPU
		{A230981D-1E78-49B9-BCB1-F737751397EF}.Release|Any CPU.ActiveCfg = Release|Any CPU
		{A230981D-1E78-49B9-BCB1-F737751397EF}.Release|Any CPU.Build.0 = Release|Any CPU
		{EA8B736B-B9CE-4095-9377-567893EC4469}.Debug|Any CPU.ActiveCfg = Debug|Any CPU
		{EA8B736B-B9CE-4095-9377-567893EC4469}.Debug|Any CPU.Build.0 = Debug|Any CPU
		{EA8B736B-B9CE-4095-9377-567893EC4469}.Release|Any CPU.ActiveCfg = Release|Any CPU
		{EA8B736B-B9CE-4095-9377-567893EC4469}.Release|Any CPU.Build.0 = Release|Any CPU
		{3B9EBC6B-353B-4E3F-A16A-9DD53402B29E}.Debug|Any CPU.ActiveCfg = Debug|Any CPU
		{3B9EBC6B-353B-4E3F-A16A-9DD53402B29E}.Debug|Any CPU.Build.0 = Debug|Any CPU
		{3B9EBC6B-353B-4E3F-A16A-9DD53402B29E}.Release|Any CPU.ActiveCfg = Release|Any CPU
		{3B9EBC6B-353B-4E3F-A16A-9DD53402B29E}.Release|Any CPU.Build.0 = Release|Any CPU
		{988C3DF7-3BE8-419D-8A11-4CA4ABD800FC}.Debug|Any CPU.ActiveCfg = Debug|Any CPU
		{988C3DF7-3BE8-419D-8A11-4CA4ABD800FC}.Debug|Any CPU.Build.0 = Debug|Any CPU
		{988C3DF7-3BE8-419D-8A11-4CA4ABD800FC}.Release|Any CPU.ActiveCfg = Release|Any CPU
		{988C3DF7-3BE8-419D-8A11-4CA4ABD800FC}.Release|Any CPU.Build.0 = Release|Any CPU
		{57E61E0D-1818-4F0D-BAA7-08D20437F062}.Debug|Any CPU.ActiveCfg = Debug|Any CPU
		{57E61E0D-1818-4F0D-BAA7-08D20437F062}.Debug|Any CPU.Build.0 = Debug|Any CPU
		{57E61E0D-1818-4F0D-BAA7-08D20437F062}.Release|Any CPU.ActiveCfg = Release|Any CPU
		{57E61E0D-1818-4F0D-BAA7-08D20437F062}.Release|Any CPU.Build.0 = Release|Any CPU
		{2532745C-D73E-4A4D-8E45-B237AE182B0F}.Debug|Any CPU.ActiveCfg = Debug|Any CPU
		{2532745C-D73E-4A4D-8E45-B237AE182B0F}.Debug|Any CPU.Build.0 = Debug|Any CPU
		{2532745C-D73E-4A4D-8E45-B237AE182B0F}.Release|Any CPU.ActiveCfg = Release|Any CPU
		{2532745C-D73E-4A4D-8E45-B237AE182B0F}.Release|Any CPU.Build.0 = Release|Any CPU
		{829D4B49-5E20-42E1-941C-A634322092DF}.Debug|Any CPU.ActiveCfg = Debug|Any CPU
		{829D4B49-5E20-42E1-941C-A634322092DF}.Debug|Any CPU.Build.0 = Debug|Any CPU
		{829D4B49-5E20-42E1-941C-A634322092DF}.Release|Any CPU.ActiveCfg = Release|Any CPU
		{829D4B49-5E20-42E1-941C-A634322092DF}.Release|Any CPU.Build.0 = Release|Any CPU
		{A1AAB070-1C61-4302-93E5-585DFC5E1956}.Debug|Any CPU.ActiveCfg = Debug|Any CPU
		{A1AAB070-1C61-4302-93E5-585DFC5E1956}.Debug|Any CPU.Build.0 = Debug|Any CPU
		{A1AAB070-1C61-4302-93E5-585DFC5E1956}.Release|Any CPU.ActiveCfg = Release|Any CPU
		{A1AAB070-1C61-4302-93E5-585DFC5E1956}.Release|Any CPU.Build.0 = Release|Any CPU
		{F03E5C27-47DB-41A4-98EA-F5BF846E85A7}.Debug|Any CPU.ActiveCfg = Debug|Any CPU
		{F03E5C27-47DB-41A4-98EA-F5BF846E85A7}.Debug|Any CPU.Build.0 = Debug|Any CPU
		{F03E5C27-47DB-41A4-98EA-F5BF846E85A7}.Release|Any CPU.ActiveCfg = Release|Any CPU
		{F03E5C27-47DB-41A4-98EA-F5BF846E85A7}.Release|Any CPU.Build.0 = Release|Any CPU
		{DE18BFE1-8782-45BA-BA59-ED52BB43DC31}.Debug|Any CPU.ActiveCfg = Debug|Any CPU
		{DE18BFE1-8782-45BA-BA59-ED52BB43DC31}.Debug|Any CPU.Build.0 = Debug|Any CPU
		{DE18BFE1-8782-45BA-BA59-ED52BB43DC31}.Release|Any CPU.ActiveCfg = Release|Any CPU
		{DE18BFE1-8782-45BA-BA59-ED52BB43DC31}.Release|Any CPU.Build.0 = Release|Any CPU
		{9A296FF2-22FD-48AB-9BA9-7ABB178B1B60}.Debug|Any CPU.ActiveCfg = Debug|Any CPU
		{9A296FF2-22FD-48AB-9BA9-7ABB178B1B60}.Debug|Any CPU.Build.0 = Debug|Any CPU
		{9A296FF2-22FD-48AB-9BA9-7ABB178B1B60}.Release|Any CPU.ActiveCfg = Release|Any CPU
		{9A296FF2-22FD-48AB-9BA9-7ABB178B1B60}.Release|Any CPU.Build.0 = Release|Any CPU
		{CCB59235-FC70-435D-AE0A-E43568FA9044}.Debug|Any CPU.ActiveCfg = Debug|Any CPU
		{CCB59235-FC70-435D-AE0A-E43568FA9044}.Debug|Any CPU.Build.0 = Debug|Any CPU
		{CCB59235-FC70-435D-AE0A-E43568FA9044}.Release|Any CPU.ActiveCfg = Release|Any CPU
		{CCB59235-FC70-435D-AE0A-E43568FA9044}.Release|Any CPU.Build.0 = Release|Any CPU
		{31635A35-FD1A-43C9-8988-DFB31D410E67}.Debug|Any CPU.ActiveCfg = Debug|Any CPU
		{31635A35-FD1A-43C9-8988-DFB31D410E67}.Debug|Any CPU.Build.0 = Debug|Any CPU
		{31635A35-FD1A-43C9-8988-DFB31D410E67}.Release|Any CPU.ActiveCfg = Release|Any CPU
		{31635A35-FD1A-43C9-8988-DFB31D410E67}.Release|Any CPU.Build.0 = Release|Any CPU
		{4958E236-F101-4CFD-A1DB-D3711FFB0D97}.Debug|Any CPU.ActiveCfg = Debug|Any CPU
		{4958E236-F101-4CFD-A1DB-D3711FFB0D97}.Debug|Any CPU.Build.0 = Debug|Any CPU
		{4958E236-F101-4CFD-A1DB-D3711FFB0D97}.Release|Any CPU.ActiveCfg = Release|Any CPU
		{4958E236-F101-4CFD-A1DB-D3711FFB0D97}.Release|Any CPU.Build.0 = Release|Any CPU
		{5CD6F95F-DB8C-4CAF-AE06-59B87928D545}.Debug|Any CPU.ActiveCfg = Debug|Any CPU
		{5CD6F95F-DB8C-4CAF-AE06-59B87928D545}.Debug|Any CPU.Build.0 = Debug|Any CPU
		{5CD6F95F-DB8C-4CAF-AE06-59B87928D545}.Release|Any CPU.ActiveCfg = Release|Any CPU
		{5CD6F95F-DB8C-4CAF-AE06-59B87928D545}.Release|Any CPU.Build.0 = Release|Any CPU
		{9460DB1F-9B96-40AA-9FA0-DFD782741F36}.Debug|Any CPU.ActiveCfg = Debug|Any CPU
		{9460DB1F-9B96-40AA-9FA0-DFD782741F36}.Debug|Any CPU.Build.0 = Debug|Any CPU
		{9460DB1F-9B96-40AA-9FA0-DFD782741F36}.Release|Any CPU.ActiveCfg = Release|Any CPU
		{9460DB1F-9B96-40AA-9FA0-DFD782741F36}.Release|Any CPU.Build.0 = Release|Any CPU
		{1612AB24-5986-42BC-9D53-DE25A6A36ECE}.Debug|Any CPU.ActiveCfg = Debug|Any CPU
		{1612AB24-5986-42BC-9D53-DE25A6A36ECE}.Debug|Any CPU.Build.0 = Debug|Any CPU
		{1612AB24-5986-42BC-9D53-DE25A6A36ECE}.Release|Any CPU.ActiveCfg = Release|Any CPU
		{1612AB24-5986-42BC-9D53-DE25A6A36ECE}.Release|Any CPU.Build.0 = Release|Any CPU
		{CA0268BD-353E-49D5-A950-7594ADABBFF8}.Debug|Any CPU.ActiveCfg = Debug|Any CPU
		{CA0268BD-353E-49D5-A950-7594ADABBFF8}.Debug|Any CPU.Build.0 = Debug|Any CPU
		{CA0268BD-353E-49D5-A950-7594ADABBFF8}.Release|Any CPU.ActiveCfg = Release|Any CPU
		{CA0268BD-353E-49D5-A950-7594ADABBFF8}.Release|Any CPU.Build.0 = Release|Any CPU
		{F8F29EBA-62B9-4FDB-A7E0-35D54DB4A00F}.Debug|Any CPU.ActiveCfg = Debug|Any CPU
		{F8F29EBA-62B9-4FDB-A7E0-35D54DB4A00F}.Debug|Any CPU.Build.0 = Debug|Any CPU
		{F8F29EBA-62B9-4FDB-A7E0-35D54DB4A00F}.Release|Any CPU.ActiveCfg = Release|Any CPU
		{F8F29EBA-62B9-4FDB-A7E0-35D54DB4A00F}.Release|Any CPU.Build.0 = Release|Any CPU
		{F8C24C39-08DB-4E54-A6DD-4DC5CFFE4C84}.Debug|Any CPU.ActiveCfg = Debug|Any CPU
		{F8C24C39-08DB-4E54-A6DD-4DC5CFFE4C84}.Debug|Any CPU.Build.0 = Debug|Any CPU
		{F8C24C39-08DB-4E54-A6DD-4DC5CFFE4C84}.Release|Any CPU.ActiveCfg = Release|Any CPU
		{F8C24C39-08DB-4E54-A6DD-4DC5CFFE4C84}.Release|Any CPU.Build.0 = Release|Any CPU
		{2146BB42-7BF1-41A7-9562-C03BB732D449}.Debug|Any CPU.ActiveCfg = Debug|Any CPU
		{2146BB42-7BF1-41A7-9562-C03BB732D449}.Debug|Any CPU.Build.0 = Debug|Any CPU
		{2146BB42-7BF1-41A7-9562-C03BB732D449}.Release|Any CPU.ActiveCfg = Release|Any CPU
		{2146BB42-7BF1-41A7-9562-C03BB732D449}.Release|Any CPU.Build.0 = Release|Any CPU
		{BBB3BDBA-7FD2-4811-B695-EA84AC2A2066}.Debug|Any CPU.ActiveCfg = Debug|Any CPU
		{BBB3BDBA-7FD2-4811-B695-EA84AC2A2066}.Debug|Any CPU.Build.0 = Debug|Any CPU
		{BBB3BDBA-7FD2-4811-B695-EA84AC2A2066}.Release|Any CPU.ActiveCfg = Release|Any CPU
		{BBB3BDBA-7FD2-4811-B695-EA84AC2A2066}.Release|Any CPU.Build.0 = Release|Any CPU
		{F2E62801-5B8E-49F7-AB9F-0167FA19239B}.Debug|Any CPU.ActiveCfg = Debug|Any CPU
		{F2E62801-5B8E-49F7-AB9F-0167FA19239B}.Debug|Any CPU.Build.0 = Debug|Any CPU
		{F2E62801-5B8E-49F7-AB9F-0167FA19239B}.Release|Any CPU.ActiveCfg = Release|Any CPU
		{F2E62801-5B8E-49F7-AB9F-0167FA19239B}.Release|Any CPU.Build.0 = Release|Any CPU
		{40B24BE7-5C4D-46D5-BAAC-84EE6A314822}.Debug|Any CPU.ActiveCfg = Debug|Any CPU
		{40B24BE7-5C4D-46D5-BAAC-84EE6A314822}.Debug|Any CPU.Build.0 = Debug|Any CPU
		{40B24BE7-5C4D-46D5-BAAC-84EE6A314822}.Release|Any CPU.ActiveCfg = Release|Any CPU
		{40B24BE7-5C4D-46D5-BAAC-84EE6A314822}.Release|Any CPU.Build.0 = Release|Any CPU
		{84B05F79-5756-4A39-90CD-9FD352EC9010}.Debug|Any CPU.ActiveCfg = Debug|Any CPU
		{84B05F79-5756-4A39-90CD-9FD352EC9010}.Debug|Any CPU.Build.0 = Debug|Any CPU
		{84B05F79-5756-4A39-90CD-9FD352EC9010}.Release|Any CPU.ActiveCfg = Release|Any CPU
		{84B05F79-5756-4A39-90CD-9FD352EC9010}.Release|Any CPU.Build.0 = Release|Any CPU
		{FD065464-DAE9-45CF-A0CB-9017012F290F}.Debug|Any CPU.ActiveCfg = Debug|Any CPU
		{FD065464-DAE9-45CF-A0CB-9017012F290F}.Debug|Any CPU.Build.0 = Debug|Any CPU
		{FD065464-DAE9-45CF-A0CB-9017012F290F}.Release|Any CPU.ActiveCfg = Release|Any CPU
		{FD065464-DAE9-45CF-A0CB-9017012F290F}.Release|Any CPU.Build.0 = Release|Any CPU
		{DFCA2D75-E5E8-41F4-BA4A-D466BCF4AD2C}.Debug|Any CPU.ActiveCfg = Debug|Any CPU
		{DFCA2D75-E5E8-41F4-BA4A-D466BCF4AD2C}.Debug|Any CPU.Build.0 = Debug|Any CPU
		{DFCA2D75-E5E8-41F4-BA4A-D466BCF4AD2C}.Release|Any CPU.ActiveCfg = Release|Any CPU
		{DFCA2D75-E5E8-41F4-BA4A-D466BCF4AD2C}.Release|Any CPU.Build.0 = Release|Any CPU
		{BA2D3831-1C21-4F14-8279-BB4F2DC6CC6B}.Debug|Any CPU.ActiveCfg = Debug|Any CPU
		{BA2D3831-1C21-4F14-8279-BB4F2DC6CC6B}.Debug|Any CPU.Build.0 = Debug|Any CPU
		{BA2D3831-1C21-4F14-8279-BB4F2DC6CC6B}.Release|Any CPU.ActiveCfg = Release|Any CPU
		{BA2D3831-1C21-4F14-8279-BB4F2DC6CC6B}.Release|Any CPU.Build.0 = Release|Any CPU
		{D14C84AA-9FA4-4EBF-8CB3-6788C17A1890}.Debug|Any CPU.ActiveCfg = Debug|Any CPU
		{D14C84AA-9FA4-4EBF-8CB3-6788C17A1890}.Debug|Any CPU.Build.0 = Debug|Any CPU
		{D14C84AA-9FA4-4EBF-8CB3-6788C17A1890}.Release|Any CPU.ActiveCfg = Release|Any CPU
		{D14C84AA-9FA4-4EBF-8CB3-6788C17A1890}.Release|Any CPU.Build.0 = Release|Any CPU
		{0E19B6BC-BCC3-419D-A3D0-02A9DFC50DFC}.Debug|Any CPU.ActiveCfg = Debug|Any CPU
		{0E19B6BC-BCC3-419D-A3D0-02A9DFC50DFC}.Debug|Any CPU.Build.0 = Debug|Any CPU
		{0E19B6BC-BCC3-419D-A3D0-02A9DFC50DFC}.Release|Any CPU.ActiveCfg = Release|Any CPU
		{0E19B6BC-BCC3-419D-A3D0-02A9DFC50DFC}.Release|Any CPU.Build.0 = Release|Any CPU
		{382883A4-F2A2-4A87-B990-3964171CA40D}.Debug|Any CPU.ActiveCfg = Debug|Any CPU
		{382883A4-F2A2-4A87-B990-3964171CA40D}.Debug|Any CPU.Build.0 = Debug|Any CPU
		{382883A4-F2A2-4A87-B990-3964171CA40D}.Release|Any CPU.ActiveCfg = Release|Any CPU
		{382883A4-F2A2-4A87-B990-3964171CA40D}.Release|Any CPU.Build.0 = Release|Any CPU
		{A34DB541-F532-4484-9F0E-B897FF411B5F}.Debug|Any CPU.ActiveCfg = Debug|Any CPU
		{A34DB541-F532-4484-9F0E-B897FF411B5F}.Debug|Any CPU.Build.0 = Debug|Any CPU
		{A34DB541-F532-4484-9F0E-B897FF411B5F}.Release|Any CPU.ActiveCfg = Release|Any CPU
		{A34DB541-F532-4484-9F0E-B897FF411B5F}.Release|Any CPU.Build.0 = Release|Any CPU
		{6765587E-B801-4E12-8043-78B2E441589F}.Debug|Any CPU.ActiveCfg = Debug|Any CPU
		{6765587E-B801-4E12-8043-78B2E441589F}.Debug|Any CPU.Build.0 = Debug|Any CPU
		{6765587E-B801-4E12-8043-78B2E441589F}.Release|Any CPU.ActiveCfg = Release|Any CPU
		{6765587E-B801-4E12-8043-78B2E441589F}.Release|Any CPU.Build.0 = Release|Any CPU
		{ADE35387-D82C-44D6-8234-AFB762E6C161}.Debug|Any CPU.ActiveCfg = Debug|Any CPU
		{ADE35387-D82C-44D6-8234-AFB762E6C161}.Debug|Any CPU.Build.0 = Debug|Any CPU
		{ADE35387-D82C-44D6-8234-AFB762E6C161}.Release|Any CPU.ActiveCfg = Release|Any CPU
		{ADE35387-D82C-44D6-8234-AFB762E6C161}.Release|Any CPU.Build.0 = Release|Any CPU
		{5298B652-38D8-40F6-95A3-4FB4BADF310C}.Debug|Any CPU.ActiveCfg = Debug|Any CPU
		{5298B652-38D8-40F6-95A3-4FB4BADF310C}.Debug|Any CPU.Build.0 = Debug|Any CPU
		{5298B652-38D8-40F6-95A3-4FB4BADF310C}.Release|Any CPU.ActiveCfg = Release|Any CPU
		{5298B652-38D8-40F6-95A3-4FB4BADF310C}.Release|Any CPU.Build.0 = Release|Any CPU
		{FB66EAD4-89BF-4108-8510-2DC40C2925B6}.Debug|Any CPU.ActiveCfg = Debug|Any CPU
		{FB66EAD4-89BF-4108-8510-2DC40C2925B6}.Debug|Any CPU.Build.0 = Debug|Any CPU
		{FB66EAD4-89BF-4108-8510-2DC40C2925B6}.Release|Any CPU.ActiveCfg = Release|Any CPU
		{FB66EAD4-89BF-4108-8510-2DC40C2925B6}.Release|Any CPU.Build.0 = Release|Any CPU
		{0F1EE883-1FFE-4FF4-A1DF-B15BF7D78289}.Debug|Any CPU.ActiveCfg = Debug|Any CPU
		{0F1EE883-1FFE-4FF4-A1DF-B15BF7D78289}.Debug|Any CPU.Build.0 = Debug|Any CPU
		{0F1EE883-1FFE-4FF4-A1DF-B15BF7D78289}.Release|Any CPU.ActiveCfg = Release|Any CPU
		{0F1EE883-1FFE-4FF4-A1DF-B15BF7D78289}.Release|Any CPU.Build.0 = Release|Any CPU
		{E43C7E72-DCB6-442C-8FD5-8B6E7037A56F}.Debug|Any CPU.ActiveCfg = Debug|Any CPU
		{E43C7E72-DCB6-442C-8FD5-8B6E7037A56F}.Debug|Any CPU.Build.0 = Debug|Any CPU
		{E43C7E72-DCB6-442C-8FD5-8B6E7037A56F}.Release|Any CPU.ActiveCfg = Release|Any CPU
		{E43C7E72-DCB6-442C-8FD5-8B6E7037A56F}.Release|Any CPU.Build.0 = Release|Any CPU
		{A60D1F82-3F09-4CE1-9F19-8A97F4692BEC}.Debug|Any CPU.ActiveCfg = Debug|Any CPU
		{A60D1F82-3F09-4CE1-9F19-8A97F4692BEC}.Debug|Any CPU.Build.0 = Debug|Any CPU
		{A60D1F82-3F09-4CE1-9F19-8A97F4692BEC}.Release|Any CPU.ActiveCfg = Release|Any CPU
		{A60D1F82-3F09-4CE1-9F19-8A97F4692BEC}.Release|Any CPU.Build.0 = Release|Any CPU
		{3D4E5C2B-ECB7-4E7F-B073-E49F13987C56}.Debug|Any CPU.ActiveCfg = Debug|Any CPU
		{3D4E5C2B-ECB7-4E7F-B073-E49F13987C56}.Debug|Any CPU.Build.0 = Debug|Any CPU
		{3D4E5C2B-ECB7-4E7F-B073-E49F13987C56}.Release|Any CPU.ActiveCfg = Release|Any CPU
		{3D4E5C2B-ECB7-4E7F-B073-E49F13987C56}.Release|Any CPU.Build.0 = Release|Any CPU
		{FBCD4161-D49A-4E34-A6FE-89B3FF8203BD}.Debug|Any CPU.ActiveCfg = Debug|Any CPU
		{FBCD4161-D49A-4E34-A6FE-89B3FF8203BD}.Debug|Any CPU.Build.0 = Debug|Any CPU
		{FBCD4161-D49A-4E34-A6FE-89B3FF8203BD}.Release|Any CPU.ActiveCfg = Release|Any CPU
		{FBCD4161-D49A-4E34-A6FE-89B3FF8203BD}.Release|Any CPU.Build.0 = Release|Any CPU
		{2C2678DA-28E9-45AE-9DA8-A4647100FAD0}.Debug|Any CPU.ActiveCfg = Debug|Any CPU
		{2C2678DA-28E9-45AE-9DA8-A4647100FAD0}.Debug|Any CPU.Build.0 = Debug|Any CPU
		{2C2678DA-28E9-45AE-9DA8-A4647100FAD0}.Release|Any CPU.ActiveCfg = Release|Any CPU
		{2C2678DA-28E9-45AE-9DA8-A4647100FAD0}.Release|Any CPU.Build.0 = Release|Any CPU
		{0B5164B6-67B7-4363-8042-53F67D1EF78B}.Debug|Any CPU.ActiveCfg = Debug|Any CPU
		{0B5164B6-67B7-4363-8042-53F67D1EF78B}.Debug|Any CPU.Build.0 = Debug|Any CPU
		{0B5164B6-67B7-4363-8042-53F67D1EF78B}.Release|Any CPU.ActiveCfg = Release|Any CPU
		{0B5164B6-67B7-4363-8042-53F67D1EF78B}.Release|Any CPU.Build.0 = Release|Any CPU
		{AE5E63D8-D8DF-4701-AAA2-1D79D7C8A082}.Debug|Any CPU.ActiveCfg = Debug|Any CPU
		{AE5E63D8-D8DF-4701-AAA2-1D79D7C8A082}.Debug|Any CPU.Build.0 = Debug|Any CPU
		{AE5E63D8-D8DF-4701-AAA2-1D79D7C8A082}.Release|Any CPU.ActiveCfg = Release|Any CPU
		{AE5E63D8-D8DF-4701-AAA2-1D79D7C8A082}.Release|Any CPU.Build.0 = Release|Any CPU
		{1B41756A-96E7-4022-8CF7-3980951FCEE2}.Debug|Any CPU.ActiveCfg = Debug|Any CPU
		{1B41756A-96E7-4022-8CF7-3980951FCEE2}.Debug|Any CPU.Build.0 = Debug|Any CPU
		{1B41756A-96E7-4022-8CF7-3980951FCEE2}.Release|Any CPU.ActiveCfg = Release|Any CPU
		{1B41756A-96E7-4022-8CF7-3980951FCEE2}.Release|Any CPU.Build.0 = Release|Any CPU
		{E8AE3BB4-9ACB-4695-A6A8-7AC79DC4621D}.Debug|Any CPU.ActiveCfg = Debug|Any CPU
		{E8AE3BB4-9ACB-4695-A6A8-7AC79DC4621D}.Debug|Any CPU.Build.0 = Debug|Any CPU
		{E8AE3BB4-9ACB-4695-A6A8-7AC79DC4621D}.Release|Any CPU.ActiveCfg = Release|Any CPU
		{E8AE3BB4-9ACB-4695-A6A8-7AC79DC4621D}.Release|Any CPU.Build.0 = Release|Any CPU
		{118FB345-72C3-416C-B830-713E95688451}.Debug|Any CPU.ActiveCfg = Debug|Any CPU
		{118FB345-72C3-416C-B830-713E95688451}.Debug|Any CPU.Build.0 = Debug|Any CPU
		{118FB345-72C3-416C-B830-713E95688451}.Release|Any CPU.ActiveCfg = Release|Any CPU
		{118FB345-72C3-416C-B830-713E95688451}.Release|Any CPU.Build.0 = Release|Any CPU
		{FBB79C5F-0DA8-45D1-9D37-64277039FBD2}.Debug|Any CPU.ActiveCfg = Debug|Any CPU
		{FBB79C5F-0DA8-45D1-9D37-64277039FBD2}.Debug|Any CPU.Build.0 = Debug|Any CPU
		{FBB79C5F-0DA8-45D1-9D37-64277039FBD2}.Release|Any CPU.ActiveCfg = Release|Any CPU
		{FBB79C5F-0DA8-45D1-9D37-64277039FBD2}.Release|Any CPU.Build.0 = Release|Any CPU
		{9684746C-EBF5-472B-B6FC-0F0ABFB839E2}.Debug|Any CPU.ActiveCfg = Debug|Any CPU
		{9684746C-EBF5-472B-B6FC-0F0ABFB839E2}.Debug|Any CPU.Build.0 = Debug|Any CPU
		{9684746C-EBF5-472B-B6FC-0F0ABFB839E2}.Release|Any CPU.ActiveCfg = Release|Any CPU
		{9684746C-EBF5-472B-B6FC-0F0ABFB839E2}.Release|Any CPU.Build.0 = Release|Any CPU
		{BDFB48F3-15C7-46CA-AE58-287A78062DAC}.Debug|Any CPU.ActiveCfg = Debug|Any CPU
		{BDFB48F3-15C7-46CA-AE58-287A78062DAC}.Debug|Any CPU.Build.0 = Debug|Any CPU
		{BDFB48F3-15C7-46CA-AE58-287A78062DAC}.Release|Any CPU.ActiveCfg = Release|Any CPU
		{BDFB48F3-15C7-46CA-AE58-287A78062DAC}.Release|Any CPU.Build.0 = Release|Any CPU
		{067A83DA-AA72-407F-BD9D-25CBA3B4B123}.Debug|Any CPU.ActiveCfg = Debug|Any CPU
		{067A83DA-AA72-407F-BD9D-25CBA3B4B123}.Debug|Any CPU.Build.0 = Debug|Any CPU
		{067A83DA-AA72-407F-BD9D-25CBA3B4B123}.Release|Any CPU.ActiveCfg = Release|Any CPU
		{067A83DA-AA72-407F-BD9D-25CBA3B4B123}.Release|Any CPU.Build.0 = Release|Any CPU
		{401076C0-B703-41C3-9374-2126E561F0EE}.Debug|Any CPU.ActiveCfg = Debug|Any CPU
		{401076C0-B703-41C3-9374-2126E561F0EE}.Debug|Any CPU.Build.0 = Debug|Any CPU
		{401076C0-B703-41C3-9374-2126E561F0EE}.Release|Any CPU.ActiveCfg = Release|Any CPU
		{401076C0-B703-41C3-9374-2126E561F0EE}.Release|Any CPU.Build.0 = Release|Any CPU
		{E831C65E-190B-4D6E-8BB9-B98F7CE95B1D}.Debug|Any CPU.ActiveCfg = Debug|Any CPU
		{E831C65E-190B-4D6E-8BB9-B98F7CE95B1D}.Debug|Any CPU.Build.0 = Debug|Any CPU
		{E831C65E-190B-4D6E-8BB9-B98F7CE95B1D}.Release|Any CPU.ActiveCfg = Release|Any CPU
		{E831C65E-190B-4D6E-8BB9-B98F7CE95B1D}.Release|Any CPU.Build.0 = Release|Any CPU
		{4214541A-3C5F-4D94-AA97-3E5102A7AFEA}.Debug|Any CPU.ActiveCfg = Debug|Any CPU
		{4214541A-3C5F-4D94-AA97-3E5102A7AFEA}.Debug|Any CPU.Build.0 = Debug|Any CPU
		{4214541A-3C5F-4D94-AA97-3E5102A7AFEA}.Release|Any CPU.ActiveCfg = Release|Any CPU
		{4214541A-3C5F-4D94-AA97-3E5102A7AFEA}.Release|Any CPU.Build.0 = Release|Any CPU
		{EE5583E2-6321-4301-987C-9D8AFA4C61F5}.Debug|Any CPU.ActiveCfg = Debug|Any CPU
		{EE5583E2-6321-4301-987C-9D8AFA4C61F5}.Debug|Any CPU.Build.0 = Debug|Any CPU
		{EE5583E2-6321-4301-987C-9D8AFA4C61F5}.Release|Any CPU.ActiveCfg = Release|Any CPU
		{EE5583E2-6321-4301-987C-9D8AFA4C61F5}.Release|Any CPU.Build.0 = Release|Any CPU
		{87D702EE-A524-4DB4-9C4C-0F36DAF99EF1}.Debug|Any CPU.ActiveCfg = Debug|Any CPU
		{87D702EE-A524-4DB4-9C4C-0F36DAF99EF1}.Debug|Any CPU.Build.0 = Debug|Any CPU
		{87D702EE-A524-4DB4-9C4C-0F36DAF99EF1}.Release|Any CPU.ActiveCfg = Release|Any CPU
		{87D702EE-A524-4DB4-9C4C-0F36DAF99EF1}.Release|Any CPU.Build.0 = Release|Any CPU
		{F51B5677-4230-4282-A85A-D0433331BD01}.Debug|Any CPU.ActiveCfg = Debug|Any CPU
		{F51B5677-4230-4282-A85A-D0433331BD01}.Debug|Any CPU.Build.0 = Debug|Any CPU
		{F51B5677-4230-4282-A85A-D0433331BD01}.Release|Any CPU.ActiveCfg = Release|Any CPU
		{F51B5677-4230-4282-A85A-D0433331BD01}.Release|Any CPU.Build.0 = Release|Any CPU
		{C868D88C-83FC-47B9-B130-B5BFAD0D3F81}.Debug|Any CPU.ActiveCfg = Debug|Any CPU
		{C868D88C-83FC-47B9-B130-B5BFAD0D3F81}.Debug|Any CPU.Build.0 = Debug|Any CPU
		{C868D88C-83FC-47B9-B130-B5BFAD0D3F81}.Release|Any CPU.ActiveCfg = Release|Any CPU
		{C868D88C-83FC-47B9-B130-B5BFAD0D3F81}.Release|Any CPU.Build.0 = Release|Any CPU
		{2A2C3F0F-CE3A-4E22-85ED-1F02D7651CF4}.Debug|Any CPU.ActiveCfg = Debug|Any CPU
		{2A2C3F0F-CE3A-4E22-85ED-1F02D7651CF4}.Debug|Any CPU.Build.0 = Debug|Any CPU
		{2A2C3F0F-CE3A-4E22-85ED-1F02D7651CF4}.Release|Any CPU.ActiveCfg = Release|Any CPU
		{2A2C3F0F-CE3A-4E22-85ED-1F02D7651CF4}.Release|Any CPU.Build.0 = Release|Any CPU
		{E7FCC17E-4C9E-45E0-BF37-8BF08472FB1E}.Debug|Any CPU.ActiveCfg = Debug|Any CPU
		{E7FCC17E-4C9E-45E0-BF37-8BF08472FB1E}.Debug|Any CPU.Build.0 = Debug|Any CPU
		{E7FCC17E-4C9E-45E0-BF37-8BF08472FB1E}.Release|Any CPU.ActiveCfg = Release|Any CPU
		{E7FCC17E-4C9E-45E0-BF37-8BF08472FB1E}.Release|Any CPU.Build.0 = Release|Any CPU
		{1E76A62C-EE50-4A3D-A517-95242BD5A0A1}.Debug|Any CPU.ActiveCfg = Debug|Any CPU
		{1E76A62C-EE50-4A3D-A517-95242BD5A0A1}.Debug|Any CPU.Build.0 = Debug|Any CPU
		{1E76A62C-EE50-4A3D-A517-95242BD5A0A1}.Release|Any CPU.ActiveCfg = Release|Any CPU
		{1E76A62C-EE50-4A3D-A517-95242BD5A0A1}.Release|Any CPU.Build.0 = Release|Any CPU
		{63E763EF-A7A5-4FF9-A371-237ACCD83421}.Debug|Any CPU.ActiveCfg = Debug|Any CPU
		{63E763EF-A7A5-4FF9-A371-237ACCD83421}.Debug|Any CPU.Build.0 = Debug|Any CPU
		{63E763EF-A7A5-4FF9-A371-237ACCD83421}.Release|Any CPU.ActiveCfg = Release|Any CPU
		{63E763EF-A7A5-4FF9-A371-237ACCD83421}.Release|Any CPU.Build.0 = Release|Any CPU
		{FD38861D-89A0-4D64-AFA3-EBB70622A4E4}.Debug|Any CPU.ActiveCfg = Debug|Any CPU
		{FD38861D-89A0-4D64-AFA3-EBB70622A4E4}.Debug|Any CPU.Build.0 = Debug|Any CPU
		{FD38861D-89A0-4D64-AFA3-EBB70622A4E4}.Release|Any CPU.ActiveCfg = Release|Any CPU
		{FD38861D-89A0-4D64-AFA3-EBB70622A4E4}.Release|Any CPU.Build.0 = Release|Any CPU
		{22109051-3CC0-4AD4-A2BB-310947A1BE3E}.Debug|Any CPU.ActiveCfg = Debug|Any CPU
		{22109051-3CC0-4AD4-A2BB-310947A1BE3E}.Debug|Any CPU.Build.0 = Debug|Any CPU
		{22109051-3CC0-4AD4-A2BB-310947A1BE3E}.Release|Any CPU.ActiveCfg = Release|Any CPU
		{22109051-3CC0-4AD4-A2BB-310947A1BE3E}.Release|Any CPU.Build.0 = Release|Any CPU
		{5BE39422-7FEA-4822-814F-5627E77D1DAF}.Debug|Any CPU.ActiveCfg = Debug|Any CPU
		{5BE39422-7FEA-4822-814F-5627E77D1DAF}.Debug|Any CPU.Build.0 = Debug|Any CPU
		{5BE39422-7FEA-4822-814F-5627E77D1DAF}.Release|Any CPU.ActiveCfg = Release|Any CPU
		{5BE39422-7FEA-4822-814F-5627E77D1DAF}.Release|Any CPU.Build.0 = Release|Any CPU
		{14B5B094-92B9-4568-AD26-DC7772EA0D14}.Debug|Any CPU.ActiveCfg = Debug|Any CPU
		{14B5B094-92B9-4568-AD26-DC7772EA0D14}.Debug|Any CPU.Build.0 = Debug|Any CPU
		{14B5B094-92B9-4568-AD26-DC7772EA0D14}.Release|Any CPU.ActiveCfg = Release|Any CPU
		{14B5B094-92B9-4568-AD26-DC7772EA0D14}.Release|Any CPU.Build.0 = Release|Any CPU
		{6DC8822C-2FAF-4434-AF33-6BABCD9A47DB}.Debug|Any CPU.ActiveCfg = Debug|Any CPU
		{6DC8822C-2FAF-4434-AF33-6BABCD9A47DB}.Debug|Any CPU.Build.0 = Debug|Any CPU
		{6DC8822C-2FAF-4434-AF33-6BABCD9A47DB}.Release|Any CPU.ActiveCfg = Release|Any CPU
		{6DC8822C-2FAF-4434-AF33-6BABCD9A47DB}.Release|Any CPU.Build.0 = Release|Any CPU
		{B27FD3EE-BD7C-48DF-8FF2-44A68604D03E}.Debug|Any CPU.ActiveCfg = Debug|Any CPU
		{B27FD3EE-BD7C-48DF-8FF2-44A68604D03E}.Debug|Any CPU.Build.0 = Debug|Any CPU
		{B27FD3EE-BD7C-48DF-8FF2-44A68604D03E}.Release|Any CPU.ActiveCfg = Release|Any CPU
		{B27FD3EE-BD7C-48DF-8FF2-44A68604D03E}.Release|Any CPU.Build.0 = Release|Any CPU
		{DC8784B3-BD6D-4E0E-AC6D-C9811B2A72CF}.Debug|Any CPU.ActiveCfg = Debug|Any CPU
		{DC8784B3-BD6D-4E0E-AC6D-C9811B2A72CF}.Debug|Any CPU.Build.0 = Debug|Any CPU
		{DC8784B3-BD6D-4E0E-AC6D-C9811B2A72CF}.Release|Any CPU.ActiveCfg = Release|Any CPU
		{DC8784B3-BD6D-4E0E-AC6D-C9811B2A72CF}.Release|Any CPU.Build.0 = Release|Any CPU
		{B8DEA303-2771-4976-B807-6FA3AE745B98}.Debug|Any CPU.ActiveCfg = Debug|Any CPU
		{B8DEA303-2771-4976-B807-6FA3AE745B98}.Debug|Any CPU.Build.0 = Debug|Any CPU
		{B8DEA303-2771-4976-B807-6FA3AE745B98}.Release|Any CPU.ActiveCfg = Release|Any CPU
		{B8DEA303-2771-4976-B807-6FA3AE745B98}.Release|Any CPU.Build.0 = Release|Any CPU
		{F223ED6E-C4B6-48E9-83EA-20F30345ED20}.Debug|Any CPU.ActiveCfg = Debug|Any CPU
		{F223ED6E-C4B6-48E9-83EA-20F30345ED20}.Debug|Any CPU.Build.0 = Debug|Any CPU
		{F223ED6E-C4B6-48E9-83EA-20F30345ED20}.Release|Any CPU.ActiveCfg = Release|Any CPU
		{F223ED6E-C4B6-48E9-83EA-20F30345ED20}.Release|Any CPU.Build.0 = Release|Any CPU
		{70B13053-352A-4060-8EBF-5925E50E9E22}.Debug|Any CPU.ActiveCfg = Debug|Any CPU
		{70B13053-352A-4060-8EBF-5925E50E9E22}.Debug|Any CPU.Build.0 = Debug|Any CPU
		{70B13053-352A-4060-8EBF-5925E50E9E22}.Release|Any CPU.ActiveCfg = Release|Any CPU
		{70B13053-352A-4060-8EBF-5925E50E9E22}.Release|Any CPU.Build.0 = Release|Any CPU
		{6DDAD95C-7D53-42CE-849A-47A85E596E36}.Debug|Any CPU.ActiveCfg = Debug|Any CPU
		{6DDAD95C-7D53-42CE-849A-47A85E596E36}.Debug|Any CPU.Build.0 = Debug|Any CPU
		{6DDAD95C-7D53-42CE-849A-47A85E596E36}.Release|Any CPU.ActiveCfg = Release|Any CPU
		{6DDAD95C-7D53-42CE-849A-47A85E596E36}.Release|Any CPU.Build.0 = Release|Any CPU
		{7F76B323-8BEC-41E8-9504-841CCB01AE5A}.Debug|Any CPU.ActiveCfg = Debug|Any CPU
		{7F76B323-8BEC-41E8-9504-841CCB01AE5A}.Debug|Any CPU.Build.0 = Debug|Any CPU
		{7F76B323-8BEC-41E8-9504-841CCB01AE5A}.Release|Any CPU.ActiveCfg = Release|Any CPU
		{7F76B323-8BEC-41E8-9504-841CCB01AE5A}.Release|Any CPU.Build.0 = Release|Any CPU
		{342C80E7-B67B-4883-A7B0-61D305EAD636}.Debug|Any CPU.ActiveCfg = Debug|Any CPU
		{342C80E7-B67B-4883-A7B0-61D305EAD636}.Debug|Any CPU.Build.0 = Debug|Any CPU
		{342C80E7-B67B-4883-A7B0-61D305EAD636}.Release|Any CPU.ActiveCfg = Release|Any CPU
		{342C80E7-B67B-4883-A7B0-61D305EAD636}.Release|Any CPU.Build.0 = Release|Any CPU
		{0AABD3C4-12BC-46B6-BDFD-2A81B690289A}.Debug|Any CPU.ActiveCfg = Debug|Any CPU
		{0AABD3C4-12BC-46B6-BDFD-2A81B690289A}.Debug|Any CPU.Build.0 = Debug|Any CPU
		{0AABD3C4-12BC-46B6-BDFD-2A81B690289A}.Release|Any CPU.ActiveCfg = Release|Any CPU
		{0AABD3C4-12BC-46B6-BDFD-2A81B690289A}.Release|Any CPU.Build.0 = Release|Any CPU
		{5E03890C-A517-4D9A-B3CA-0D83A1871B2D}.Debug|Any CPU.ActiveCfg = Debug|Any CPU
		{5E03890C-A517-4D9A-B3CA-0D83A1871B2D}.Debug|Any CPU.Build.0 = Debug|Any CPU
		{5E03890C-A517-4D9A-B3CA-0D83A1871B2D}.Release|Any CPU.ActiveCfg = Release|Any CPU
		{5E03890C-A517-4D9A-B3CA-0D83A1871B2D}.Release|Any CPU.Build.0 = Release|Any CPU
		{4C585FFD-CF43-4BC7-AF52-25258DC4C2E3}.Debug|Any CPU.ActiveCfg = Debug|Any CPU
		{4C585FFD-CF43-4BC7-AF52-25258DC4C2E3}.Debug|Any CPU.Build.0 = Debug|Any CPU
		{4C585FFD-CF43-4BC7-AF52-25258DC4C2E3}.Release|Any CPU.ActiveCfg = Release|Any CPU
		{4C585FFD-CF43-4BC7-AF52-25258DC4C2E3}.Release|Any CPU.Build.0 = Release|Any CPU
		{1B07E6B2-8F85-49E0-A7AA-7C3F0329993C}.Debug|Any CPU.ActiveCfg = Debug|Any CPU
		{1B07E6B2-8F85-49E0-A7AA-7C3F0329993C}.Debug|Any CPU.Build.0 = Debug|Any CPU
		{1B07E6B2-8F85-49E0-A7AA-7C3F0329993C}.Release|Any CPU.ActiveCfg = Release|Any CPU
		{1B07E6B2-8F85-49E0-A7AA-7C3F0329993C}.Release|Any CPU.Build.0 = Release|Any CPU
		{32693431-F627-4028-A4A7-7B7291D96CAB}.Debug|Any CPU.ActiveCfg = Debug|Any CPU
		{32693431-F627-4028-A4A7-7B7291D96CAB}.Debug|Any CPU.Build.0 = Debug|Any CPU
		{32693431-F627-4028-A4A7-7B7291D96CAB}.Release|Any CPU.ActiveCfg = Release|Any CPU
		{32693431-F627-4028-A4A7-7B7291D96CAB}.Release|Any CPU.Build.0 = Release|Any CPU
		{C5B7086B-AEFF-46C8-886E-05036DBB6E35}.Debug|Any CPU.ActiveCfg = Debug|Any CPU
		{C5B7086B-AEFF-46C8-886E-05036DBB6E35}.Debug|Any CPU.Build.0 = Debug|Any CPU
		{C5B7086B-AEFF-46C8-886E-05036DBB6E35}.Release|Any CPU.ActiveCfg = Release|Any CPU
		{C5B7086B-AEFF-46C8-886E-05036DBB6E35}.Release|Any CPU.Build.0 = Release|Any CPU
		{128144C2-A140-4CEB-B05F-829A48769D5C}.Debug|Any CPU.ActiveCfg = Debug|Any CPU
		{128144C2-A140-4CEB-B05F-829A48769D5C}.Debug|Any CPU.Build.0 = Debug|Any CPU
		{128144C2-A140-4CEB-B05F-829A48769D5C}.Release|Any CPU.ActiveCfg = Release|Any CPU
		{128144C2-A140-4CEB-B05F-829A48769D5C}.Release|Any CPU.Build.0 = Release|Any CPU
		{14DAA96B-0EF2-489A-B90C-1235D3A9592E}.Debug|Any CPU.ActiveCfg = Debug|Any CPU
		{14DAA96B-0EF2-489A-B90C-1235D3A9592E}.Debug|Any CPU.Build.0 = Debug|Any CPU
		{14DAA96B-0EF2-489A-B90C-1235D3A9592E}.Release|Any CPU.ActiveCfg = Release|Any CPU
		{14DAA96B-0EF2-489A-B90C-1235D3A9592E}.Release|Any CPU.Build.0 = Release|Any CPU
		{6F786092-EC03-4B47-B6C5-42DBDED8E10A}.Debug|Any CPU.ActiveCfg = Debug|Any CPU
		{6F786092-EC03-4B47-B6C5-42DBDED8E10A}.Debug|Any CPU.Build.0 = Debug|Any CPU
		{6F786092-EC03-4B47-B6C5-42DBDED8E10A}.Release|Any CPU.ActiveCfg = Release|Any CPU
		{6F786092-EC03-4B47-B6C5-42DBDED8E10A}.Release|Any CPU.Build.0 = Release|Any CPU
		{2667DE3B-6149-4A0B-9A80-FEA3A67EF964}.Debug|Any CPU.ActiveCfg = Debug|Any CPU
		{2667DE3B-6149-4A0B-9A80-FEA3A67EF964}.Debug|Any CPU.Build.0 = Debug|Any CPU
		{2667DE3B-6149-4A0B-9A80-FEA3A67EF964}.Release|Any CPU.ActiveCfg = Release|Any CPU
		{2667DE3B-6149-4A0B-9A80-FEA3A67EF964}.Release|Any CPU.Build.0 = Release|Any CPU
		{A27CE3FC-7700-43CD-9A70-0B40E0A95B0C}.Debug|Any CPU.ActiveCfg = Debug|Any CPU
		{A27CE3FC-7700-43CD-9A70-0B40E0A95B0C}.Debug|Any CPU.Build.0 = Debug|Any CPU
		{A27CE3FC-7700-43CD-9A70-0B40E0A95B0C}.Release|Any CPU.ActiveCfg = Release|Any CPU
		{A27CE3FC-7700-43CD-9A70-0B40E0A95B0C}.Release|Any CPU.Build.0 = Release|Any CPU
		{AF36E329-67F1-43D8-82A8-86928353E908}.Debug|Any CPU.ActiveCfg = Debug|Any CPU
		{AF36E329-67F1-43D8-82A8-86928353E908}.Debug|Any CPU.Build.0 = Debug|Any CPU
		{AF36E329-67F1-43D8-82A8-86928353E908}.Release|Any CPU.ActiveCfg = Release|Any CPU
		{AF36E329-67F1-43D8-82A8-86928353E908}.Release|Any CPU.Build.0 = Release|Any CPU
		{1D3520B0-C2AF-4AD5-ABFA-21DA206D44BE}.Debug|Any CPU.ActiveCfg = Debug|Any CPU
		{1D3520B0-C2AF-4AD5-ABFA-21DA206D44BE}.Debug|Any CPU.Build.0 = Debug|Any CPU
		{1D3520B0-C2AF-4AD5-ABFA-21DA206D44BE}.Release|Any CPU.ActiveCfg = Release|Any CPU
		{1D3520B0-C2AF-4AD5-ABFA-21DA206D44BE}.Release|Any CPU.Build.0 = Release|Any CPU
		{0C5FA46A-7ED5-4DA9-959F-D2EEA989AED0}.Debug|Any CPU.ActiveCfg = Debug|Any CPU
		{0C5FA46A-7ED5-4DA9-959F-D2EEA989AED0}.Debug|Any CPU.Build.0 = Debug|Any CPU
		{0C5FA46A-7ED5-4DA9-959F-D2EEA989AED0}.Release|Any CPU.ActiveCfg = Release|Any CPU
		{0C5FA46A-7ED5-4DA9-959F-D2EEA989AED0}.Release|Any CPU.Build.0 = Release|Any CPU
		{2435B85E-1909-47C9-95C9-084162411B01}.Debug|Any CPU.ActiveCfg = Debug|Any CPU
		{2435B85E-1909-47C9-95C9-084162411B01}.Debug|Any CPU.Build.0 = Debug|Any CPU
		{2435B85E-1909-47C9-95C9-084162411B01}.Release|Any CPU.ActiveCfg = Release|Any CPU
		{2435B85E-1909-47C9-95C9-084162411B01}.Release|Any CPU.Build.0 = Release|Any CPU
		{8998F0CF-0258-4487-97F8-32F93DF8A385}.Debug|Any CPU.ActiveCfg = Debug|Any CPU
		{8998F0CF-0258-4487-97F8-32F93DF8A385}.Debug|Any CPU.Build.0 = Debug|Any CPU
		{8998F0CF-0258-4487-97F8-32F93DF8A385}.Release|Any CPU.ActiveCfg = Release|Any CPU
		{8998F0CF-0258-4487-97F8-32F93DF8A385}.Release|Any CPU.Build.0 = Release|Any CPU
		{A0A62F5F-15DC-4810-AAB5-1703860CAB51}.Debug|Any CPU.ActiveCfg = Debug|Any CPU
		{A0A62F5F-15DC-4810-AAB5-1703860CAB51}.Debug|Any CPU.Build.0 = Debug|Any CPU
		{A0A62F5F-15DC-4810-AAB5-1703860CAB51}.Release|Any CPU.ActiveCfg = Release|Any CPU
		{A0A62F5F-15DC-4810-AAB5-1703860CAB51}.Release|Any CPU.Build.0 = Release|Any CPU
		{7F0C4540-9E4D-483E-9A97-6B2849883B3D}.Debug|Any CPU.ActiveCfg = Debug|Any CPU
		{7F0C4540-9E4D-483E-9A97-6B2849883B3D}.Debug|Any CPU.Build.0 = Debug|Any CPU
		{7F0C4540-9E4D-483E-9A97-6B2849883B3D}.Release|Any CPU.ActiveCfg = Release|Any CPU
		{7F0C4540-9E4D-483E-9A97-6B2849883B3D}.Release|Any CPU.Build.0 = Release|Any CPU
		{F370565A-A1CA-462D-B312-2AADD5914CD2}.Debug|Any CPU.ActiveCfg = Debug|Any CPU
		{F370565A-A1CA-462D-B312-2AADD5914CD2}.Debug|Any CPU.Build.0 = Debug|Any CPU
		{F370565A-A1CA-462D-B312-2AADD5914CD2}.Release|Any CPU.ActiveCfg = Release|Any CPU
		{F370565A-A1CA-462D-B312-2AADD5914CD2}.Release|Any CPU.Build.0 = Release|Any CPU
	EndGlobalSection
	GlobalSection(NestedProjects) = preSolution
		{859BEF08-0845-4F57-9522-777ECC54D23B} = {8F9B2953-7088-4800-8A34-8E089E516FD4}
		{2A3C6291-29C4-4216-9101-F513C4E7627C} = {8F9B2953-7088-4800-8A34-8E089E516FD4}
		{1957404F-F250-4AA9-9C17-40D4DDF7E2A9} = {2A3C6291-29C4-4216-9101-F513C4E7627C}
		{D0E2B16D-69AF-47D0-B2D7-EC05D18A1180} = {8F9B2953-7088-4800-8A34-8E089E516FD4}
		{5121178C-4E76-4E08-96EE-D395D1042B91} = {8F9B2953-7088-4800-8A34-8E089E516FD4}
		{CA88F088-1B91-4E7E-B53C-2D2F6D2D77A6} = {5121178C-4E76-4E08-96EE-D395D1042B91}
		{47FFFA0E-21AD-48EB-A7E0-E62861148E91} = {ECF8FC19-77DC-455B-9480-C2148C0BA083}
		{68923D16-55DA-4CA9-BC8A-401020A48FFC} = {47FFFA0E-21AD-48EB-A7E0-E62861148E91}
		{268D1561-2645-486C-A582-142792ADE10F} = {47FFFA0E-21AD-48EB-A7E0-E62861148E91}
		{8BE9B333-5BCF-4290-A473-FC14A6A88EDA} = {47FFFA0E-21AD-48EB-A7E0-E62861148E91}
		{38200824-F16A-43F1-A05B-94BA1260D865} = {47FFFA0E-21AD-48EB-A7E0-E62861148E91}
		{6B935706-0B9B-453B-8A0B-792A2BF2ED22} = {8F9B2953-7088-4800-8A34-8E089E516FD4}
		{882FAE21-A25A-41F3-A1FF-4E94C634CA88} = {8F9B2953-7088-4800-8A34-8E089E516FD4}
		{82A7147D-3A83-4041-A601-79357BDD6E8F} = {882FAE21-A25A-41F3-A1FF-4E94C634CA88}
		{080964BB-FCEE-4596-9609-D066218BA3E6} = {8F9B2953-7088-4800-8A34-8E089E516FD4}
		{76A6EEDF-5EDF-4107-BCBA-37A9E4BC3D5C} = {8F9B2953-7088-4800-8A34-8E089E516FD4}
		{F2EE4EFB-EC13-4071-90F0-CB977190B70E} = {76A6EEDF-5EDF-4107-BCBA-37A9E4BC3D5C}
		{3399CF62-8E46-481A-9F2C-E1FEA69F66EA} = {ECF8FC19-77DC-455B-9480-C2148C0BA083}
		{A602BB61-030B-435E-9D4A-270A5F6F3FA2} = {3399CF62-8E46-481A-9F2C-E1FEA69F66EA}
		{40B7AFB7-8A1F-4F85-8055-59A87B8D7F1F} = {3399CF62-8E46-481A-9F2C-E1FEA69F66EA}
		{16F42D54-C555-45A5-8DA5-391A355E71F9} = {3399CF62-8E46-481A-9F2C-E1FEA69F66EA}
		{B9A519D0-5440-4513-92E6-C01941F9D319} = {3399CF62-8E46-481A-9F2C-E1FEA69F66EA}
		{ED5E9ABD-F056-4035-9A1E-0F4133B65D03} = {AEF0DEF5-D2C2-4C6F-8C33-FEE605C2637C}
		{FFE9FC84-B9A9-4F16-A3A5-194416D372CA} = {ECF8FC19-77DC-455B-9480-C2148C0BA083}
		{E1CAE470-A015-45DF-8E1E-64AD0082B0BD} = {FFE9FC84-B9A9-4F16-A3A5-194416D372CA}
		{E6FA5AF9-660E-46D1-A341-E0B1924B2F25} = {FFE9FC84-B9A9-4F16-A3A5-194416D372CA}
		{A45D73CF-ABCB-4E9E-8F81-C7E5F1641CA1} = {FFE9FC84-B9A9-4F16-A3A5-194416D372CA}
		{476E87F1-1631-4E12-B037-EB3B17E1AFB0} = {FFE9FC84-B9A9-4F16-A3A5-194416D372CA}
		{468C9AF9-9EC4-4C89-9864-2C6570ACDD2A} = {ECF8FC19-77DC-455B-9480-C2148C0BA083}
		{666AFD40-DD9E-4C23-9ADC-6F17ADE0D053} = {468C9AF9-9EC4-4C89-9864-2C6570ACDD2A}
		{D0834364-AB4A-4449-9D00-E84D3A6A1491} = {468C9AF9-9EC4-4C89-9864-2C6570ACDD2A}
		{6252D4E6-3C71-446D-9C55-82CA2F330745} = {468C9AF9-9EC4-4C89-9864-2C6570ACDD2A}
		{45EBD2D7-F599-4416-A8A7-4CE23300115C} = {468C9AF9-9EC4-4C89-9864-2C6570ACDD2A}
		{41EEFEE3-EE0C-4ECC-BF32-AB886993A442} = {ECF8FC19-77DC-455B-9480-C2148C0BA083}
		{1D6508A3-F063-4C31-AD26-BDA46AD3DFBB} = {41EEFEE3-EE0C-4ECC-BF32-AB886993A442}
		{23275C8E-37D5-4855-A38A-02AD636E94CD} = {41EEFEE3-EE0C-4ECC-BF32-AB886993A442}
		{A230981D-1E78-49B9-BCB1-F737751397EF} = {41EEFEE3-EE0C-4ECC-BF32-AB886993A442}
		{EA8B736B-B9CE-4095-9377-567893EC4469} = {41EEFEE3-EE0C-4ECC-BF32-AB886993A442}
		{0811BB5C-8AD1-428C-B650-93BC1F80E5ED} = {ECF8FC19-77DC-455B-9480-C2148C0BA083}
		{3B9EBC6B-353B-4E3F-A16A-9DD53402B29E} = {0811BB5C-8AD1-428C-B650-93BC1F80E5ED}
		{988C3DF7-3BE8-419D-8A11-4CA4ABD800FC} = {0811BB5C-8AD1-428C-B650-93BC1F80E5ED}
		{57E61E0D-1818-4F0D-BAA7-08D20437F062} = {0811BB5C-8AD1-428C-B650-93BC1F80E5ED}
		{2532745C-D73E-4A4D-8E45-B237AE182B0F} = {0811BB5C-8AD1-428C-B650-93BC1F80E5ED}
		{13FED358-DA99-4BBC-93A0-26EB60CF06DD} = {ECF8FC19-77DC-455B-9480-C2148C0BA083}
		{829D4B49-5E20-42E1-941C-A634322092DF} = {13FED358-DA99-4BBC-93A0-26EB60CF06DD}
		{A1AAB070-1C61-4302-93E5-585DFC5E1956} = {13FED358-DA99-4BBC-93A0-26EB60CF06DD}
		{F03E5C27-47DB-41A4-98EA-F5BF846E85A7} = {13FED358-DA99-4BBC-93A0-26EB60CF06DD}
		{DE18BFE1-8782-45BA-BA59-ED52BB43DC31} = {13FED358-DA99-4BBC-93A0-26EB60CF06DD}
		{5184CA95-6A30-4EB5-8F49-E5F769E6CE20} = {ECF8FC19-77DC-455B-9480-C2148C0BA083}
		{9A296FF2-22FD-48AB-9BA9-7ABB178B1B60} = {5184CA95-6A30-4EB5-8F49-E5F769E6CE20}
		{CCB59235-FC70-435D-AE0A-E43568FA9044} = {5184CA95-6A30-4EB5-8F49-E5F769E6CE20}
		{31635A35-FD1A-43C9-8988-DFB31D410E67} = {5184CA95-6A30-4EB5-8F49-E5F769E6CE20}
		{4958E236-F101-4CFD-A1DB-D3711FFB0D97} = {5184CA95-6A30-4EB5-8F49-E5F769E6CE20}
		{5E515E5F-D70B-4F82-8347-7736BA64A6B8} = {ECF8FC19-77DC-455B-9480-C2148C0BA083}
		{5CD6F95F-DB8C-4CAF-AE06-59B87928D545} = {5E515E5F-D70B-4F82-8347-7736BA64A6B8}
		{9460DB1F-9B96-40AA-9FA0-DFD782741F36} = {5E515E5F-D70B-4F82-8347-7736BA64A6B8}
		{1612AB24-5986-42BC-9D53-DE25A6A36ECE} = {5E515E5F-D70B-4F82-8347-7736BA64A6B8}
		{CA0268BD-353E-49D5-A950-7594ADABBFF8} = {5E515E5F-D70B-4F82-8347-7736BA64A6B8}
		{BC3E526F-6FBE-4CC2-96F4-959B0DC27E99} = {ECF8FC19-77DC-455B-9480-C2148C0BA083}
		{F8F29EBA-62B9-4FDB-A7E0-35D54DB4A00F} = {BC3E526F-6FBE-4CC2-96F4-959B0DC27E99}
		{F8C24C39-08DB-4E54-A6DD-4DC5CFFE4C84} = {BC3E526F-6FBE-4CC2-96F4-959B0DC27E99}
		{2146BB42-7BF1-41A7-9562-C03BB732D449} = {BC3E526F-6FBE-4CC2-96F4-959B0DC27E99}
		{BBB3BDBA-7FD2-4811-B695-EA84AC2A2066} = {BC3E526F-6FBE-4CC2-96F4-959B0DC27E99}
		{EDDDCD59-372F-4A32-AD9E-EA373AE079EE} = {ECF8FC19-77DC-455B-9480-C2148C0BA083}
		{F2E62801-5B8E-49F7-AB9F-0167FA19239B} = {EDDDCD59-372F-4A32-AD9E-EA373AE079EE}
		{40B24BE7-5C4D-46D5-BAAC-84EE6A314822} = {EDDDCD59-372F-4A32-AD9E-EA373AE079EE}
		{84B05F79-5756-4A39-90CD-9FD352EC9010} = {EDDDCD59-372F-4A32-AD9E-EA373AE079EE}
		{FD065464-DAE9-45CF-A0CB-9017012F290F} = {EDDDCD59-372F-4A32-AD9E-EA373AE079EE}
		{D1921C70-043C-4FDB-89FC-A8738C2B0FE9} = {ECF8FC19-77DC-455B-9480-C2148C0BA083}
		{DFCA2D75-E5E8-41F4-BA4A-D466BCF4AD2C} = {D1921C70-043C-4FDB-89FC-A8738C2B0FE9}
		{BA2D3831-1C21-4F14-8279-BB4F2DC6CC6B} = {D1921C70-043C-4FDB-89FC-A8738C2B0FE9}
		{D14C84AA-9FA4-4EBF-8CB3-6788C17A1890} = {D1921C70-043C-4FDB-89FC-A8738C2B0FE9}
		{0E19B6BC-BCC3-419D-A3D0-02A9DFC50DFC} = {D1921C70-043C-4FDB-89FC-A8738C2B0FE9}
		{B2F483AF-C634-4CE8-875E-0E5753593462} = {ECF8FC19-77DC-455B-9480-C2148C0BA083}
		{382883A4-F2A2-4A87-B990-3964171CA40D} = {B2F483AF-C634-4CE8-875E-0E5753593462}
		{A34DB541-F532-4484-9F0E-B897FF411B5F} = {B2F483AF-C634-4CE8-875E-0E5753593462}
		{6765587E-B801-4E12-8043-78B2E441589F} = {B2F483AF-C634-4CE8-875E-0E5753593462}
		{ADE35387-D82C-44D6-8234-AFB762E6C161} = {B2F483AF-C634-4CE8-875E-0E5753593462}
		{6FD42A2B-C77B-4564-8D0B-BB34983683E8} = {ECF8FC19-77DC-455B-9480-C2148C0BA083}
		{5298B652-38D8-40F6-95A3-4FB4BADF310C} = {6FD42A2B-C77B-4564-8D0B-BB34983683E8}
		{FB66EAD4-89BF-4108-8510-2DC40C2925B6} = {6FD42A2B-C77B-4564-8D0B-BB34983683E8}
		{0F1EE883-1FFE-4FF4-A1DF-B15BF7D78289} = {6FD42A2B-C77B-4564-8D0B-BB34983683E8}
		{E43C7E72-DCB6-442C-8FD5-8B6E7037A56F} = {6FD42A2B-C77B-4564-8D0B-BB34983683E8}
		{60064DF2-C9E0-4E87-AD4F-803C1D7998F5} = {ECF8FC19-77DC-455B-9480-C2148C0BA083}
		{A60D1F82-3F09-4CE1-9F19-8A97F4692BEC} = {60064DF2-C9E0-4E87-AD4F-803C1D7998F5}
		{3D4E5C2B-ECB7-4E7F-B073-E49F13987C56} = {60064DF2-C9E0-4E87-AD4F-803C1D7998F5}
		{FBCD4161-D49A-4E34-A6FE-89B3FF8203BD} = {60064DF2-C9E0-4E87-AD4F-803C1D7998F5}
		{2C2678DA-28E9-45AE-9DA8-A4647100FAD0} = {60064DF2-C9E0-4E87-AD4F-803C1D7998F5}
		{68202D2C-B7D8-48E1-A771-C4ED026E8724} = {ECF8FC19-77DC-455B-9480-C2148C0BA083}
		{0B5164B6-67B7-4363-8042-53F67D1EF78B} = {68202D2C-B7D8-48E1-A771-C4ED026E8724}
		{AE5E63D8-D8DF-4701-AAA2-1D79D7C8A082} = {68202D2C-B7D8-48E1-A771-C4ED026E8724}
		{1B41756A-96E7-4022-8CF7-3980951FCEE2} = {68202D2C-B7D8-48E1-A771-C4ED026E8724}
		{E8AE3BB4-9ACB-4695-A6A8-7AC79DC4621D} = {68202D2C-B7D8-48E1-A771-C4ED026E8724}
		{C4505E6E-9C20-4C8F-AAE5-99231F0EAEEA} = {ECF8FC19-77DC-455B-9480-C2148C0BA083}
		{118FB345-72C3-416C-B830-713E95688451} = {C4505E6E-9C20-4C8F-AAE5-99231F0EAEEA}
		{FBB79C5F-0DA8-45D1-9D37-64277039FBD2} = {C4505E6E-9C20-4C8F-AAE5-99231F0EAEEA}
		{9684746C-EBF5-472B-B6FC-0F0ABFB839E2} = {C4505E6E-9C20-4C8F-AAE5-99231F0EAEEA}
		{BDFB48F3-15C7-46CA-AE58-287A78062DAC} = {C4505E6E-9C20-4C8F-AAE5-99231F0EAEEA}
		{7BCB0AA1-9C34-490B-B57E-0E0884F28222} = {ECF8FC19-77DC-455B-9480-C2148C0BA083}
		{067A83DA-AA72-407F-BD9D-25CBA3B4B123} = {7BCB0AA1-9C34-490B-B57E-0E0884F28222}
		{401076C0-B703-41C3-9374-2126E561F0EE} = {7BCB0AA1-9C34-490B-B57E-0E0884F28222}
		{E831C65E-190B-4D6E-8BB9-B98F7CE95B1D} = {7BCB0AA1-9C34-490B-B57E-0E0884F28222}
		{4214541A-3C5F-4D94-AA97-3E5102A7AFEA} = {7BCB0AA1-9C34-490B-B57E-0E0884F28222}
		{EE5583E2-6321-4301-987C-9D8AFA4C61F5} = {8F9B2953-7088-4800-8A34-8E089E516FD4}
		{D429A7D8-20D1-44F7-A4EC-559304D7FFBC} = {ECF8FC19-77DC-455B-9480-C2148C0BA083}
		{87D702EE-A524-4DB4-9C4C-0F36DAF99EF1} = {D429A7D8-20D1-44F7-A4EC-559304D7FFBC}
		{F51B5677-4230-4282-A85A-D0433331BD01} = {D429A7D8-20D1-44F7-A4EC-559304D7FFBC}
		{C868D88C-83FC-47B9-B130-B5BFAD0D3F81} = {D429A7D8-20D1-44F7-A4EC-559304D7FFBC}
		{2A2C3F0F-CE3A-4E22-85ED-1F02D7651CF4} = {D429A7D8-20D1-44F7-A4EC-559304D7FFBC}
		{E7FCC17E-4C9E-45E0-BF37-8BF08472FB1E} = {AEF0DEF5-D2C2-4C6F-8C33-FEE605C2637C}
		{08C6DDDB-62EB-450C-9EDA-D3774F4032A3} = {AEF0DEF5-D2C2-4C6F-8C33-FEE605C2637C}
		{1E76A62C-EE50-4A3D-A517-95242BD5A0A1} = {08C6DDDB-62EB-450C-9EDA-D3774F4032A3}
		{E0176664-D0C0-4EDA-984A-C1FE175AE58F} = {ECF8FC19-77DC-455B-9480-C2148C0BA083}
		{63E763EF-A7A5-4FF9-A371-237ACCD83421} = {E0176664-D0C0-4EDA-984A-C1FE175AE58F}
		{FD38861D-89A0-4D64-AFA3-EBB70622A4E4} = {E0176664-D0C0-4EDA-984A-C1FE175AE58F}
		{22109051-3CC0-4AD4-A2BB-310947A1BE3E} = {E0176664-D0C0-4EDA-984A-C1FE175AE58F}
		{5BE39422-7FEA-4822-814F-5627E77D1DAF} = {E0176664-D0C0-4EDA-984A-C1FE175AE58F}
		{14B5B094-92B9-4568-AD26-DC7772EA0D14} = {8F9B2953-7088-4800-8A34-8E089E516FD4}
		{252473C4-244D-4CE3-89A8-48F67655350D} = {8F9B2953-7088-4800-8A34-8E089E516FD4}
		{6DC8822C-2FAF-4434-AF33-6BABCD9A47DB} = {252473C4-244D-4CE3-89A8-48F67655350D}
		{9DD8A51B-5F04-40B3-8597-C0C9D4DFA7D7} = {8F9B2953-7088-4800-8A34-8E089E516FD4}
		{B27FD3EE-BD7C-48DF-8FF2-44A68604D03E} = {9DD8A51B-5F04-40B3-8597-C0C9D4DFA7D7}
		{DC8784B3-BD6D-4E0E-AC6D-C9811B2A72CF} = {8F9B2953-7088-4800-8A34-8E089E516FD4}
		{B8DEA303-2771-4976-B807-6FA3AE745B98} = {8F9B2953-7088-4800-8A34-8E089E516FD4}
		{F223ED6E-C4B6-48E9-83EA-20F30345ED20} = {8F9B2953-7088-4800-8A34-8E089E516FD4}
		{70B13053-352A-4060-8EBF-5925E50E9E22} = {8F9B2953-7088-4800-8A34-8E089E516FD4}
		{6DDAD95C-7D53-42CE-849A-47A85E596E36} = {8F9B2953-7088-4800-8A34-8E089E516FD4}
		{46A74D05-E2A9-487D-AD46-012F2132A830} = {8F9B2953-7088-4800-8A34-8E089E516FD4}
		{7F76B323-8BEC-41E8-9504-841CCB01AE5A} = {46A74D05-E2A9-487D-AD46-012F2132A830}
		{342C80E7-B67B-4883-A7B0-61D305EAD636} = {ECF8FC19-77DC-455B-9480-C2148C0BA083}
		{0AABD3C4-12BC-46B6-BDFD-2A81B690289A} = {ECF8FC19-77DC-455B-9480-C2148C0BA083}
		{5E03890C-A517-4D9A-B3CA-0D83A1871B2D} = {ECF8FC19-77DC-455B-9480-C2148C0BA083}
		{4C585FFD-CF43-4BC7-AF52-25258DC4C2E3} = {ECF8FC19-77DC-455B-9480-C2148C0BA083}
		{FC7E2631-019C-4B03-BDDF-7C97FC57198C} = {ECF8FC19-77DC-455B-9480-C2148C0BA083}
		{1B07E6B2-8F85-49E0-A7AA-7C3F0329993C} = {FC7E2631-019C-4B03-BDDF-7C97FC57198C}
		{32693431-F627-4028-A4A7-7B7291D96CAB} = {FC7E2631-019C-4B03-BDDF-7C97FC57198C}
		{C5B7086B-AEFF-46C8-886E-05036DBB6E35} = {FC7E2631-019C-4B03-BDDF-7C97FC57198C}
		{128144C2-A140-4CEB-B05F-829A48769D5C} = {FC7E2631-019C-4B03-BDDF-7C97FC57198C}
		{14DAA96B-0EF2-489A-B90C-1235D3A9592E} = {8F9B2953-7088-4800-8A34-8E089E516FD4}
		{4F2230B7-8569-4CDC-A1CC-E650ADCA1379} = {8F9B2953-7088-4800-8A34-8E089E516FD4}
		{6F786092-EC03-4B47-B6C5-42DBDED8E10A} = {4F2230B7-8569-4CDC-A1CC-E650ADCA1379}
		{2667DE3B-6149-4A0B-9A80-FEA3A67EF964} = {8F9B2953-7088-4800-8A34-8E089E516FD4}
		{4B2E1CEF-11B8-4947-BE36-D30D7A8FD74A} = {8F9B2953-7088-4800-8A34-8E089E516FD4}
		{A27CE3FC-7700-43CD-9A70-0B40E0A95B0C} = {4B2E1CEF-11B8-4947-BE36-D30D7A8FD74A}
		{AF36E329-67F1-43D8-82A8-86928353E908} = {8F9B2953-7088-4800-8A34-8E089E516FD4}
		{4BAADCC3-C4C8-43FE-B048-BFDE346AC32B} = {8F9B2953-7088-4800-8A34-8E089E516FD4}
		{1D3520B0-C2AF-4AD5-ABFA-21DA206D44BE} = {4BAADCC3-C4C8-43FE-B048-BFDE346AC32B}
		{0C5FA46A-7ED5-4DA9-959F-D2EEA989AED0} = {8F9B2953-7088-4800-8A34-8E089E516FD4}
		{2435B85E-1909-47C9-95C9-084162411B01} = {8F9B2953-7088-4800-8A34-8E089E516FD4}
		{8998F0CF-0258-4487-97F8-32F93DF8A385} = {8F9B2953-7088-4800-8A34-8E089E516FD4}
		{1D047502-A944-4286-A1CF-36B1D867F946} = {8F9B2953-7088-4800-8A34-8E089E516FD4}
		{A0A62F5F-15DC-4810-AAB5-1703860CAB51} = {1D047502-A944-4286-A1CF-36B1D867F946}
		{7F0C4540-9E4D-483E-9A97-6B2849883B3D} = {8F9B2953-7088-4800-8A34-8E089E516FD4}
		{B03F3E01-945E-49B1-9105-2689722BB423} = {8F9B2953-7088-4800-8A34-8E089E516FD4}
		{F370565A-A1CA-462D-B312-2AADD5914CD2} = {B03F3E01-945E-49B1-9105-2689722BB423}
	EndGlobalSection
EndGlobal
